
Microsoft Visual Studio Solution File, Format Version 11.00
# Visual Studio 2010
Project("{2150E333-8FDC-42A3-9474-1A3956D46DE8}") = "Core", "Core", "{FD8841D6-E7C3-4684-AD47-4FDFD7F556B5}"
EndProject
Project("{FAE04EC0-301F-11D3-BF4B-00C04F79EFBC}") = "Atlantis.Framework.Interface", "..\Atlantis.Framework.Engine\Atlantis.Framework.Interface\Atlantis.Framework.Interface.csproj", "{29E7CCC1-0F54-45F9-8492-62145046C625}"
EndProject
Project("{FAE04EC0-301F-11D3-BF4B-00C04F79EFBC}") = "Atlantis.Framework.Engine", "..\Atlantis.Framework.Engine\Atlantis.Framework.Engine\Atlantis.Framework.Engine.csproj", "{092618E1-1F37-422C-82AF-17A1337B8986}"
EndProject
Project("{FAE04EC0-301F-11D3-BF4B-00C04F79EFBC}") = "Atlantis.Framework.DataCache", "..\Atlantis.Framework.DataCache\Atlantis.Framework.DataCache\Atlantis.Framework.DataCache.csproj", "{8E4322D7-C6B3-4EE1-9FAD-7B848B38C834}"
EndProject
Project("{FAE04EC0-301F-11D3-BF4B-00C04F79EFBC}") = "Atlantis.Framework.CDS.Impl", "Atlantis.Framework.CDS.Impl\Atlantis.Framework.CDS.Impl.csproj", "{813511AE-2721-4A3B-9894-E1FB6AC41449}"
EndProject
Project("{2150E333-8FDC-42A3-9474-1A3956D46DE8}") = "Solution Items", "Solution Items", "{4ED7352E-45A4-41F5-8435-37360AB5BA83}"
	ProjectSection(SolutionItems) = preProject
		Atlantis.Framework.CDS.vsmdi = Atlantis.Framework.CDS.vsmdi
		Local.testsettings = Local.testsettings
		TraceAndTestImpact.testsettings = TraceAndTestImpact.testsettings
	EndProjectSection
EndProject
Project("{FAE04EC0-301F-11D3-BF4B-00C04F79EFBC}") = "Atlantis.Framework.CDS.Interface", "Atlantis.Framework.CDS.Interface\Atlantis.Framework.CDS.Interface.csproj", "{43ECC9F8-C897-4AE0-8C53-22B2691D6995}"
EndProject
Project("{FAE04EC0-301F-11D3-BF4B-00C04F79EFBC}") = "Atlantis.Framework.CDS.Tests", "Atlantis.Framework.CDS.Tests\Atlantis.Framework.CDS.Tests.csproj", "{E486175D-3A09-445E-93ED-70BA68876972}"
EndProject
Project("{FAE04EC0-301F-11D3-BF4B-00C04F79EFBC}") = "Atlantis.Framework.CDS.Entities", "Atlantis.Framework.CDS.Entities\Atlantis.Framework.CDS.Entities.csproj", "{70E74CBB-1079-4EFF-AE95-5B6542C5DA80}"
EndProject
Project("{FAE04EC0-301F-11D3-BF4B-00C04F79EFBC}") = "Atlantis.Framework.CDS.Tokenizer", "Atlantis.Framework.CDS.Tokenizer\Atlantis.Framework.CDS.Tokenizer.csproj", "{D63D703C-4459-446A-9F05-3FBC0074BB24}"
EndProject
Project("{FAE04EC0-301F-11D3-BF4B-00C04F79EFBC}") = "Atlantis.Framework.Providers.Links", "..\Atlantis.Framework.Providers.Links\Atlantis.Framework.Providers.Links\Atlantis.Framework.Providers.Links.csproj", "{6AD11637-3BFB-4FF3-B1A5-AADE45303928}"
EndProject
Project("{FAE04EC0-301F-11D3-BF4B-00C04F79EFBC}") = "Atlantis.Framework.Providers.Currency", "..\Atlantis.Framework.Providers.Currency\Atlantis.Framework.Providers.Currency\Atlantis.Framework.Providers.Currency.csproj", "{7EB0E12F-F1DB-49B0-B87D-918BD6950151}"
EndProject
Project("{FAE04EC0-301F-11D3-BF4B-00C04F79EFBC}") = "Atlantis.Framework.Providers.Products", "..\Atlantis.Framework.Providers.Products\Atlantis.Framework.Providers.Products\Atlantis.Framework.Providers.Products.csproj", "{F078F62F-8023-4E25-8834-973377000D57}"
EndProject
Project("{FAE04EC0-301F-11D3-BF4B-00C04F79EFBC}") = "Atlantis.Framework.Testing.MockHttpContext", "..\Atlantis.Framework.Testing\Atlantis.Framework.Testing.MockHttpContext\Atlantis.Framework.Testing.MockHttpContext.csproj", "{5B0E8D0F-247E-4937-8177-48EA5E267CAB}"
EndProject
Project("{FAE04EC0-301F-11D3-BF4B-00C04F79EFBC}") = "Atlantis.Framework.PromoData.Impl", "..\Atlantis.Framework.PromoData\Atlantis.Framework.PromoData.Impl\Atlantis.Framework.PromoData.Impl.csproj", "{8EB9D6B2-C2B6-4CD3-BEAE-2C22347A81DA}"
EndProject
Project("{FAE04EC0-301F-11D3-BF4B-00C04F79EFBC}") = "Atlantis.Framework.PromoData.Interface", "..\Atlantis.Framework.PromoData\Atlantis.Framework.PromoData.Interface\Atlantis.Framework.PromoData.Interface.csproj", "{42E827B4-1E98-453B-8A36-009C201DD85A}"
EndProject
Project("{FAE04EC0-301F-11D3-BF4B-00C04F79EFBC}") = "Atlantis.Framework.Providers.PromoData", "..\Atlantis.Framework.Providers.PromoData\Atlantis.Framework.Providers.PromoData\Atlantis.Framework.Providers.PromoData.csproj", "{D67BE3FC-BB67-4ADC-A368-98B04B395396}"
EndProject
Project("{FAE04EC0-301F-11D3-BF4B-00C04F79EFBC}") = "Atlantis.Framework.LinkInfo.Impl", "..\Atlantis.Framework.LinkInfo\Atlantis.Framework.LinkInfo.Impl\Atlantis.Framework.LinkInfo.Impl.csproj", "{1D5D8BFA-F1F1-43E6-80C7-5ECAFECCB9F2}"
EndProject
Project("{FAE04EC0-301F-11D3-BF4B-00C04F79EFBC}") = "Atlantis.Framework.Providers.Interface", "..\Atlantis.Framework.Providers.Interface\Atlantis.Framework.Providers.Interface\Atlantis.Framework.Providers.Interface.csproj", "{CDB8B44E-47FC-4F39-96EF-207EB67772FF}"
EndProject
Project("{FAE04EC0-301F-11D3-BF4B-00C04F79EFBC}") = "Atlantis.Framework.LinkInfo.Interface", "..\Atlantis.Framework.LinkInfo\Atlantis.Framework.LinkInfo.Interface\Atlantis.Framework.LinkInfo.Interface.csproj", "{9D0A85CB-22E2-4B25-99CC-2555D64AB8C9}"
EndProject
Project("{FAE04EC0-301F-11D3-BF4B-00C04F79EFBC}") = "Atlantis.Framework.ProductOffer.Interface", "..\Atlantis.Framework.ProductOffer\Atlantis.Framework.ProductOffer.Interface\Atlantis.Framework.ProductOffer.Interface.csproj", "{D7260EE7-F41C-4AC4-87FF-959BD107A4DE}"
EndProject
Project("{FAE04EC0-301F-11D3-BF4B-00C04F79EFBC}") = "Atlantis.Framework.Providers.CDS", "..\Atlantis.Framework.Providers.CDS\Atlantis.Framework.Providers.CDS\Atlantis.Framework.Providers.CDS.csproj", "{52F92D36-69D4-447E-91E0-E155C4EE7DC6}"
EndProject
Global
	GlobalSection(TeamFoundationVersionControl) = preSolution
		SccNumberOfProjects = 21
		SccEnterpriseProvider = {4CA58AB2-18FA-4F8D-95D4-32DDF27D184C}
		SccTeamFoundationServer = http://tfs2010:8080/tfs/gd
		SccLocalPath0 = .
		SccProjectUniqueName1 = ..\\Atlantis.Framework.Engine\\Atlantis.Framework.Interface\\Atlantis.Framework.Interface.csproj
		SccProjectTopLevelParentUniqueName1 = Atlantis.Framework.CDS.sln
		SccProjectName1 = ../Atlantis.Framework.Engine/Atlantis.Framework.Interface
		SccLocalPath1 = ..\\Atlantis.Framework.Engine\\Atlantis.Framework.Interface
		SccProjectUniqueName2 = ..\\Atlantis.Framework.Engine\\Atlantis.Framework.Engine\\Atlantis.Framework.Engine.csproj
		SccProjectTopLevelParentUniqueName2 = Atlantis.Framework.CDS.sln
		SccProjectName2 = ../Atlantis.Framework.Engine/Atlantis.Framework.Engine
		SccLocalPath2 = ..\\Atlantis.Framework.Engine\\Atlantis.Framework.Engine
		SccProjectUniqueName3 = ..\\Atlantis.Framework.DataCache\\Atlantis.Framework.DataCache\\Atlantis.Framework.DataCache.csproj
		SccProjectTopLevelParentUniqueName3 = Atlantis.Framework.CDS.sln
		SccProjectName3 = ../Atlantis.Framework.DataCache/Atlantis.Framework.DataCache
		SccLocalPath3 = ..\\Atlantis.Framework.DataCache\\Atlantis.Framework.DataCache
		SccProjectUniqueName4 = Atlantis.Framework.CDS.Impl\\Atlantis.Framework.CDS.Impl.csproj
		SccProjectName4 = Atlantis.Framework.CDS.Impl
		SccLocalPath4 = Atlantis.Framework.CDS.Impl
		SccProjectUniqueName5 = Atlantis.Framework.CDS.Interface\\Atlantis.Framework.CDS.Interface.csproj
		SccProjectName5 = Atlantis.Framework.CDS.Interface
		SccLocalPath5 = Atlantis.Framework.CDS.Interface
		SccProjectUniqueName6 = Atlantis.Framework.CDS.Tests\\Atlantis.Framework.CDS.Tests.csproj
		SccProjectName6 = Atlantis.Framework.CDS.Tests
		SccLocalPath6 = Atlantis.Framework.CDS.Tests
		SccProjectUniqueName7 = Atlantis.Framework.CDS.Entities\\Atlantis.Framework.CDS.Entities.csproj
		SccProjectName7 = Atlantis.Framework.CDS.Entities
		SccLocalPath7 = Atlantis.Framework.CDS.Entities
		SccProjectUniqueName8 = Atlantis.Framework.CDS.Tokenizer\\Atlantis.Framework.CDS.Tokenizer.csproj
		SccProjectName8 = Atlantis.Framework.CDS.Tokenizer
		SccLocalPath8 = Atlantis.Framework.CDS.Tokenizer
		SccProjectUniqueName9 = ..\\Atlantis.Framework.Providers.Links\\Atlantis.Framework.Providers.Links\\Atlantis.Framework.Providers.Links.csproj
		SccProjectTopLevelParentUniqueName9 = Atlantis.Framework.CDS.sln
		SccProjectName9 = ../Atlantis.Framework.Providers.Links/Atlantis.Framework.Providers.Links
		SccLocalPath9 = ..\\Atlantis.Framework.Providers.Links\\Atlantis.Framework.Providers.Links
		SccProjectUniqueName10 = ..\\Atlantis.Framework.Providers.Currency\\Atlantis.Framework.Providers.Currency\\Atlantis.Framework.Providers.Currency.csproj
		SccProjectTopLevelParentUniqueName10 = Atlantis.Framework.CDS.sln
		SccProjectName10 = ../Atlantis.Framework.Providers.Currency/Atlantis.Framework.Providers.Currency
		SccLocalPath10 = ..\\Atlantis.Framework.Providers.Currency\\Atlantis.Framework.Providers.Currency
		SccProjectUniqueName11 = ..\\Atlantis.Framework.Providers.Products\\Atlantis.Framework.Providers.Products\\Atlantis.Framework.Providers.Products.csproj
		SccProjectTopLevelParentUniqueName11 = Atlantis.Framework.CDS.sln
		SccProjectName11 = ../Atlantis.Framework.Providers.Products/Atlantis.Framework.Providers.Products
		SccLocalPath11 = ..\\Atlantis.Framework.Providers.Products\\Atlantis.Framework.Providers.Products
		SccProjectUniqueName12 = ..\\Atlantis.Framework.Testing\\Atlantis.Framework.Testing.MockHttpContext\\Atlantis.Framework.Testing.MockHttpContext.csproj
		SccProjectTopLevelParentUniqueName12 = Atlantis.Framework.CDS.sln
		SccProjectName12 = ../Atlantis.Framework.Testing/Atlantis.Framework.Testing.MockHttpContext
		SccLocalPath12 = ..\\Atlantis.Framework.Testing\\Atlantis.Framework.Testing.MockHttpContext
		SccProjectUniqueName13 = ..\\Atlantis.Framework.PromoData\\Atlantis.Framework.PromoData.Impl\\Atlantis.Framework.PromoData.Impl.csproj
		SccProjectTopLevelParentUniqueName13 = Atlantis.Framework.CDS.sln
		SccProjectName13 = ../Atlantis.Framework.PromoData/Atlantis.Framework.PromoData.Impl
		SccLocalPath13 = ..\\Atlantis.Framework.PromoData\\Atlantis.Framework.PromoData.Impl
		SccProjectUniqueName14 = ..\\Atlantis.Framework.PromoData\\Atlantis.Framework.PromoData.Interface\\Atlantis.Framework.PromoData.Interface.csproj
		SccProjectTopLevelParentUniqueName14 = Atlantis.Framework.CDS.sln
		SccProjectName14 = ../Atlantis.Framework.PromoData/Atlantis.Framework.PromoData.Interface
		SccLocalPath14 = ..\\Atlantis.Framework.PromoData\\Atlantis.Framework.PromoData.Interface
		SccProjectUniqueName15 = ..\\Atlantis.Framework.Providers.PromoData\\Atlantis.Framework.Providers.PromoData\\Atlantis.Framework.Providers.PromoData.csproj
		SccProjectTopLevelParentUniqueName15 = Atlantis.Framework.CDS.sln
		SccProjectName15 = ../Atlantis.Framework.Providers.PromoData/Atlantis.Framework.Providers.PromoData
		SccLocalPath15 = ..\\Atlantis.Framework.Providers.PromoData\\Atlantis.Framework.Providers.PromoData
		SccProjectUniqueName16 = ..\\Atlantis.Framework.LinkInfo\\Atlantis.Framework.LinkInfo.Impl\\Atlantis.Framework.LinkInfo.Impl.csproj
		SccProjectTopLevelParentUniqueName16 = Atlantis.Framework.CDS.sln
		SccProjectName16 = ../Atlantis.Framework.LinkInfo/Atlantis.Framework.LinkInfo.Impl
		SccLocalPath16 = ..\\Atlantis.Framework.LinkInfo\\Atlantis.Framework.LinkInfo.Impl
		SccProjectUniqueName17 = ..\\Atlantis.Framework.Providers.Interface\\Atlantis.Framework.Providers.Interface\\Atlantis.Framework.Providers.Interface.csproj
		SccProjectTopLevelParentUniqueName17 = Atlantis.Framework.CDS.sln
		SccProjectName17 = ../Atlantis.Framework.Providers.Interface/Atlantis.Framework.Providers.Interface
		SccLocalPath17 = ..\\Atlantis.Framework.Providers.Interface\\Atlantis.Framework.Providers.Interface
		SccProjectUniqueName18 = ..\\Atlantis.Framework.LinkInfo\\Atlantis.Framework.LinkInfo.Interface\\Atlantis.Framework.LinkInfo.Interface.csproj
		SccProjectTopLevelParentUniqueName18 = Atlantis.Framework.CDS.sln
		SccProjectName18 = ../Atlantis.Framework.LinkInfo/Atlantis.Framework.LinkInfo.Interface
		SccLocalPath18 = ..\\Atlantis.Framework.LinkInfo\\Atlantis.Framework.LinkInfo.Interface
		SccProjectUniqueName19 = ..\\Atlantis.Framework.ProductOffer\\Atlantis.Framework.ProductOffer.Interface\\Atlantis.Framework.ProductOffer.Interface.csproj
		SccProjectTopLevelParentUniqueName19 = Atlantis.Framework.CDS.sln
		SccProjectName19 = ../Atlantis.Framework.ProductOffer/Atlantis.Framework.ProductOffer.Interface
		SccLocalPath19 = ..\\Atlantis.Framework.ProductOffer\\Atlantis.Framework.ProductOffer.Interface
		SccProjectUniqueName20 = ..\\Atlantis.Framework.Providers.CDS\\Atlantis.Framework.Providers.CDS\\Atlantis.Framework.Providers.CDS.csproj
		SccProjectName20 = ../Atlantis.Framework.Providers.CDS/Atlantis.Framework.Providers.CDS
		SccLocalPath20 = ..\\Atlantis.Framework.Providers.CDS\\Atlantis.Framework.Providers.CDS
	EndGlobalSection
	GlobalSection(TestCaseManagementSettings) = postSolution
		CategoryFile = Atlantis.Framework.CDS.vsmdi
	EndGlobalSection
	GlobalSection(SolutionConfigurationPlatforms) = preSolution
		Debug|Any CPU = Debug|Any CPU
		Debug|Mixed Platforms = Debug|Mixed Platforms
		Debug|x86 = Debug|x86
		Release|Any CPU = Release|Any CPU
		Release|Mixed Platforms = Release|Mixed Platforms
		Release|x86 = Release|x86
	EndGlobalSection
	GlobalSection(ProjectConfigurationPlatforms) = postSolution
		{29E7CCC1-0F54-45F9-8492-62145046C625}.Debug|Any CPU.ActiveCfg = Debug|Any CPU
		{29E7CCC1-0F54-45F9-8492-62145046C625}.Debug|Any CPU.Build.0 = Debug|Any CPU
		{29E7CCC1-0F54-45F9-8492-62145046C625}.Debug|Mixed Platforms.ActiveCfg = Debug|Any CPU
		{29E7CCC1-0F54-45F9-8492-62145046C625}.Debug|Mixed Platforms.Build.0 = Debug|Any CPU
		{29E7CCC1-0F54-45F9-8492-62145046C625}.Debug|x86.ActiveCfg = Debug|Any CPU
		{29E7CCC1-0F54-45F9-8492-62145046C625}.Release|Any CPU.ActiveCfg = Release|Any CPU
		{29E7CCC1-0F54-45F9-8492-62145046C625}.Release|Any CPU.Build.0 = Release|Any CPU
		{29E7CCC1-0F54-45F9-8492-62145046C625}.Release|Mixed Platforms.ActiveCfg = Release|Any CPU
		{29E7CCC1-0F54-45F9-8492-62145046C625}.Release|Mixed Platforms.Build.0 = Release|Any CPU
		{29E7CCC1-0F54-45F9-8492-62145046C625}.Release|x86.ActiveCfg = Release|Any CPU
		{092618E1-1F37-422C-82AF-17A1337B8986}.Debug|Any CPU.ActiveCfg = Debug|Any CPU
		{092618E1-1F37-422C-82AF-17A1337B8986}.Debug|Any CPU.Build.0 = Debug|Any CPU
		{092618E1-1F37-422C-82AF-17A1337B8986}.Debug|Mixed Platforms.ActiveCfg = Debug|Any CPU
		{092618E1-1F37-422C-82AF-17A1337B8986}.Debug|Mixed Platforms.Build.0 = Debug|Any CPU
		{092618E1-1F37-422C-82AF-17A1337B8986}.Debug|x86.ActiveCfg = Debug|Any CPU
		{092618E1-1F37-422C-82AF-17A1337B8986}.Release|Any CPU.ActiveCfg = Release|Any CPU
		{092618E1-1F37-422C-82AF-17A1337B8986}.Release|Any CPU.Build.0 = Release|Any CPU
		{092618E1-1F37-422C-82AF-17A1337B8986}.Release|Mixed Platforms.ActiveCfg = Release|Any CPU
		{092618E1-1F37-422C-82AF-17A1337B8986}.Release|Mixed Platforms.Build.0 = Release|Any CPU
		{092618E1-1F37-422C-82AF-17A1337B8986}.Release|x86.ActiveCfg = Release|Any CPU
		{8E4322D7-C6B3-4EE1-9FAD-7B848B38C834}.Debug|Any CPU.ActiveCfg = Debug|Any CPU
		{8E4322D7-C6B3-4EE1-9FAD-7B848B38C834}.Debug|Any CPU.Build.0 = Debug|Any CPU
		{8E4322D7-C6B3-4EE1-9FAD-7B848B38C834}.Debug|Mixed Platforms.ActiveCfg = Debug|Any CPU
		{8E4322D7-C6B3-4EE1-9FAD-7B848B38C834}.Debug|Mixed Platforms.Build.0 = Debug|Any CPU
		{8E4322D7-C6B3-4EE1-9FAD-7B848B38C834}.Debug|x86.ActiveCfg = Debug|Any CPU
		{8E4322D7-C6B3-4EE1-9FAD-7B848B38C834}.Release|Any CPU.ActiveCfg = Release|Any CPU
		{8E4322D7-C6B3-4EE1-9FAD-7B848B38C834}.Release|Any CPU.Build.0 = Release|Any CPU
		{8E4322D7-C6B3-4EE1-9FAD-7B848B38C834}.Release|Mixed Platforms.ActiveCfg = Release|Any CPU
		{8E4322D7-C6B3-4EE1-9FAD-7B848B38C834}.Release|Mixed Platforms.Build.0 = Release|Any CPU
		{8E4322D7-C6B3-4EE1-9FAD-7B848B38C834}.Release|x86.ActiveCfg = Release|Any CPU
		{813511AE-2721-4A3B-9894-E1FB6AC41449}.Debug|Any CPU.ActiveCfg = Debug|Any CPU
		{813511AE-2721-4A3B-9894-E1FB6AC41449}.Debug|Any CPU.Build.0 = Debug|Any CPU
		{813511AE-2721-4A3B-9894-E1FB6AC41449}.Debug|Mixed Platforms.ActiveCfg = Debug|Any CPU
		{813511AE-2721-4A3B-9894-E1FB6AC41449}.Debug|Mixed Platforms.Build.0 = Debug|Any CPU
		{813511AE-2721-4A3B-9894-E1FB6AC41449}.Debug|x86.ActiveCfg = Debug|Any CPU
		{813511AE-2721-4A3B-9894-E1FB6AC41449}.Release|Any CPU.ActiveCfg = Release|Any CPU
		{813511AE-2721-4A3B-9894-E1FB6AC41449}.Release|Any CPU.Build.0 = Release|Any CPU
		{813511AE-2721-4A3B-9894-E1FB6AC41449}.Release|Mixed Platforms.ActiveCfg = Release|Any CPU
		{813511AE-2721-4A3B-9894-E1FB6AC41449}.Release|Mixed Platforms.Build.0 = Release|Any CPU
		{813511AE-2721-4A3B-9894-E1FB6AC41449}.Release|x86.ActiveCfg = Release|Any CPU
		{43ECC9F8-C897-4AE0-8C53-22B2691D6995}.Debug|Any CPU.ActiveCfg = Debug|Any CPU
		{43ECC9F8-C897-4AE0-8C53-22B2691D6995}.Debug|Any CPU.Build.0 = Debug|Any CPU
		{43ECC9F8-C897-4AE0-8C53-22B2691D6995}.Debug|Mixed Platforms.ActiveCfg = Debug|Any CPU
		{43ECC9F8-C897-4AE0-8C53-22B2691D6995}.Debug|Mixed Platforms.Build.0 = Debug|Any CPU
		{43ECC9F8-C897-4AE0-8C53-22B2691D6995}.Debug|x86.ActiveCfg = Debug|Any CPU
		{43ECC9F8-C897-4AE0-8C53-22B2691D6995}.Release|Any CPU.ActiveCfg = Release|Any CPU
		{43ECC9F8-C897-4AE0-8C53-22B2691D6995}.Release|Any CPU.Build.0 = Release|Any CPU
		{43ECC9F8-C897-4AE0-8C53-22B2691D6995}.Release|Mixed Platforms.ActiveCfg = Release|Any CPU
		{43ECC9F8-C897-4AE0-8C53-22B2691D6995}.Release|Mixed Platforms.Build.0 = Release|Any CPU
		{43ECC9F8-C897-4AE0-8C53-22B2691D6995}.Release|x86.ActiveCfg = Release|Any CPU
		{E486175D-3A09-445E-93ED-70BA68876972}.Debug|Any CPU.ActiveCfg = Debug|Any CPU
		{E486175D-3A09-445E-93ED-70BA68876972}.Debug|Any CPU.Build.0 = Debug|Any CPU
		{E486175D-3A09-445E-93ED-70BA68876972}.Debug|Mixed Platforms.ActiveCfg = Debug|Any CPU
		{E486175D-3A09-445E-93ED-70BA68876972}.Debug|Mixed Platforms.Build.0 = Debug|Any CPU
		{E486175D-3A09-445E-93ED-70BA68876972}.Debug|x86.ActiveCfg = Debug|Any CPU
		{E486175D-3A09-445E-93ED-70BA68876972}.Release|Any CPU.ActiveCfg = Release|Any CPU
		{E486175D-3A09-445E-93ED-70BA68876972}.Release|Any CPU.Build.0 = Release|Any CPU
		{E486175D-3A09-445E-93ED-70BA68876972}.Release|Mixed Platforms.ActiveCfg = Release|Any CPU
		{E486175D-3A09-445E-93ED-70BA68876972}.Release|Mixed Platforms.Build.0 = Release|Any CPU
		{E486175D-3A09-445E-93ED-70BA68876972}.Release|x86.ActiveCfg = Release|Any CPU
		{70E74CBB-1079-4EFF-AE95-5B6542C5DA80}.Debug|Any CPU.ActiveCfg = Debug|Any CPU
		{70E74CBB-1079-4EFF-AE95-5B6542C5DA80}.Debug|Any CPU.Build.0 = Debug|Any CPU
		{70E74CBB-1079-4EFF-AE95-5B6542C5DA80}.Debug|Mixed Platforms.ActiveCfg = Debug|Any CPU
		{70E74CBB-1079-4EFF-AE95-5B6542C5DA80}.Debug|Mixed Platforms.Build.0 = Debug|Any CPU
		{70E74CBB-1079-4EFF-AE95-5B6542C5DA80}.Debug|x86.ActiveCfg = Debug|Any CPU
		{70E74CBB-1079-4EFF-AE95-5B6542C5DA80}.Release|Any CPU.ActiveCfg = Release|Any CPU
		{70E74CBB-1079-4EFF-AE95-5B6542C5DA80}.Release|Any CPU.Build.0 = Release|Any CPU
		{70E74CBB-1079-4EFF-AE95-5B6542C5DA80}.Release|Mixed Platforms.ActiveCfg = Release|Any CPU
		{70E74CBB-1079-4EFF-AE95-5B6542C5DA80}.Release|Mixed Platforms.Build.0 = Release|Any CPU
		{70E74CBB-1079-4EFF-AE95-5B6542C5DA80}.Release|x86.ActiveCfg = Release|Any CPU
		{D63D703C-4459-446A-9F05-3FBC0074BB24}.Debug|Any CPU.ActiveCfg = Debug|Any CPU
		{D63D703C-4459-446A-9F05-3FBC0074BB24}.Debug|Any CPU.Build.0 = Debug|Any CPU
		{D63D703C-4459-446A-9F05-3FBC0074BB24}.Debug|Mixed Platforms.ActiveCfg = Debug|Any CPU
		{D63D703C-4459-446A-9F05-3FBC0074BB24}.Debug|Mixed Platforms.Build.0 = Debug|Any CPU
		{D63D703C-4459-446A-9F05-3FBC0074BB24}.Debug|x86.ActiveCfg = Debug|Any CPU
		{D63D703C-4459-446A-9F05-3FBC0074BB24}.Release|Any CPU.ActiveCfg = Release|Any CPU
		{D63D703C-4459-446A-9F05-3FBC0074BB24}.Release|Any CPU.Build.0 = Release|Any CPU
		{D63D703C-4459-446A-9F05-3FBC0074BB24}.Release|Mixed Platforms.ActiveCfg = Release|Any CPU
		{D63D703C-4459-446A-9F05-3FBC0074BB24}.Release|Mixed Platforms.Build.0 = Release|Any CPU
		{D63D703C-4459-446A-9F05-3FBC0074BB24}.Release|x86.ActiveCfg = Release|Any CPU
		{6AD11637-3BFB-4FF3-B1A5-AADE45303928}.Debug|Any CPU.ActiveCfg = Debug|Any CPU
		{6AD11637-3BFB-4FF3-B1A5-AADE45303928}.Debug|Any CPU.Build.0 = Debug|Any CPU
		{6AD11637-3BFB-4FF3-B1A5-AADE45303928}.Debug|Mixed Platforms.ActiveCfg = Debug|Any CPU
		{6AD11637-3BFB-4FF3-B1A5-AADE45303928}.Debug|Mixed Platforms.Build.0 = Debug|Any CPU
		{6AD11637-3BFB-4FF3-B1A5-AADE45303928}.Debug|x86.ActiveCfg = Debug|Any CPU
		{6AD11637-3BFB-4FF3-B1A5-AADE45303928}.Release|Any CPU.ActiveCfg = Release|Any CPU
		{6AD11637-3BFB-4FF3-B1A5-AADE45303928}.Release|Any CPU.Build.0 = Release|Any CPU
		{6AD11637-3BFB-4FF3-B1A5-AADE45303928}.Release|Mixed Platforms.ActiveCfg = Release|Any CPU
		{6AD11637-3BFB-4FF3-B1A5-AADE45303928}.Release|Mixed Platforms.Build.0 = Release|Any CPU
		{6AD11637-3BFB-4FF3-B1A5-AADE45303928}.Release|x86.ActiveCfg = Release|Any CPU
		{7EB0E12F-F1DB-49B0-B87D-918BD6950151}.Debug|Any CPU.ActiveCfg = Debug|Any CPU
		{7EB0E12F-F1DB-49B0-B87D-918BD6950151}.Debug|Any CPU.Build.0 = Debug|Any CPU
		{7EB0E12F-F1DB-49B0-B87D-918BD6950151}.Debug|Mixed Platforms.ActiveCfg = Debug|Any CPU
		{7EB0E12F-F1DB-49B0-B87D-918BD6950151}.Debug|Mixed Platforms.Build.0 = Debug|Any CPU
		{7EB0E12F-F1DB-49B0-B87D-918BD6950151}.Debug|x86.ActiveCfg = Debug|Any CPU
		{7EB0E12F-F1DB-49B0-B87D-918BD6950151}.Release|Any CPU.ActiveCfg = Release|Any CPU
		{7EB0E12F-F1DB-49B0-B87D-918BD6950151}.Release|Any CPU.Build.0 = Release|Any CPU
		{7EB0E12F-F1DB-49B0-B87D-918BD6950151}.Release|Mixed Platforms.ActiveCfg = Release|Any CPU
		{7EB0E12F-F1DB-49B0-B87D-918BD6950151}.Release|Mixed Platforms.Build.0 = Release|Any CPU
		{7EB0E12F-F1DB-49B0-B87D-918BD6950151}.Release|x86.ActiveCfg = Release|Any CPU
		{F078F62F-8023-4E25-8834-973377000D57}.Debug|Any CPU.ActiveCfg = Debug|Any CPU
		{F078F62F-8023-4E25-8834-973377000D57}.Debug|Any CPU.Build.0 = Debug|Any CPU
		{F078F62F-8023-4E25-8834-973377000D57}.Debug|Mixed Platforms.ActiveCfg = Debug|Any CPU
		{F078F62F-8023-4E25-8834-973377000D57}.Debug|Mixed Platforms.Build.0 = Debug|Any CPU
		{F078F62F-8023-4E25-8834-973377000D57}.Debug|x86.ActiveCfg = Debug|Any CPU
		{F078F62F-8023-4E25-8834-973377000D57}.Release|Any CPU.ActiveCfg = Release|Any CPU
		{F078F62F-8023-4E25-8834-973377000D57}.Release|Any CPU.Build.0 = Release|Any CPU
		{F078F62F-8023-4E25-8834-973377000D57}.Release|Mixed Platforms.ActiveCfg = Release|Any CPU
		{F078F62F-8023-4E25-8834-973377000D57}.Release|Mixed Platforms.Build.0 = Release|Any CPU
		{F078F62F-8023-4E25-8834-973377000D57}.Release|x86.ActiveCfg = Release|Any CPU
		{5B0E8D0F-247E-4937-8177-48EA5E267CAB}.Debug|Any CPU.ActiveCfg = Debug|Any CPU
		{5B0E8D0F-247E-4937-8177-48EA5E267CAB}.Debug|Any CPU.Build.0 = Debug|Any CPU
		{5B0E8D0F-247E-4937-8177-48EA5E267CAB}.Debug|Mixed Platforms.ActiveCfg = Debug|Any CPU
		{5B0E8D0F-247E-4937-8177-48EA5E267CAB}.Debug|Mixed Platforms.Build.0 = Debug|Any CPU
		{5B0E8D0F-247E-4937-8177-48EA5E267CAB}.Debug|x86.ActiveCfg = Debug|Any CPU
		{5B0E8D0F-247E-4937-8177-48EA5E267CAB}.Release|Any CPU.ActiveCfg = Release|Any CPU
		{5B0E8D0F-247E-4937-8177-48EA5E267CAB}.Release|Any CPU.Build.0 = Release|Any CPU
		{5B0E8D0F-247E-4937-8177-48EA5E267CAB}.Release|Mixed Platforms.ActiveCfg = Release|Any CPU
		{5B0E8D0F-247E-4937-8177-48EA5E267CAB}.Release|Mixed Platforms.Build.0 = Release|Any CPU
		{5B0E8D0F-247E-4937-8177-48EA5E267CAB}.Release|x86.ActiveCfg = Release|Any CPU
		{8EB9D6B2-C2B6-4CD3-BEAE-2C22347A81DA}.Debug|Any CPU.ActiveCfg = Debug|x86
		{8EB9D6B2-C2B6-4CD3-BEAE-2C22347A81DA}.Debug|Mixed Platforms.ActiveCfg = Debug|x86
		{8EB9D6B2-C2B6-4CD3-BEAE-2C22347A81DA}.Debug|Mixed Platforms.Build.0 = Debug|x86
		{8EB9D6B2-C2B6-4CD3-BEAE-2C22347A81DA}.Debug|x86.ActiveCfg = Debug|x86
		{8EB9D6B2-C2B6-4CD3-BEAE-2C22347A81DA}.Debug|x86.Build.0 = Debug|x86
		{8EB9D6B2-C2B6-4CD3-BEAE-2C22347A81DA}.Release|Any CPU.ActiveCfg = Release|x86
		{8EB9D6B2-C2B6-4CD3-BEAE-2C22347A81DA}.Release|Mixed Platforms.ActiveCfg = Release|x86
		{8EB9D6B2-C2B6-4CD3-BEAE-2C22347A81DA}.Release|Mixed Platforms.Build.0 = Release|x86
		{8EB9D6B2-C2B6-4CD3-BEAE-2C22347A81DA}.Release|x86.ActiveCfg = Release|x86
		{8EB9D6B2-C2B6-4CD3-BEAE-2C22347A81DA}.Release|x86.Build.0 = Release|x86
		{42E827B4-1E98-453B-8A36-009C201DD85A}.Debug|Any CPU.ActiveCfg = Debug|x86
		{42E827B4-1E98-453B-8A36-009C201DD85A}.Debug|Mixed Platforms.ActiveCfg = Debug|x86
		{42E827B4-1E98-453B-8A36-009C201DD85A}.Debug|Mixed Platforms.Build.0 = Debug|x86
		{42E827B4-1E98-453B-8A36-009C201DD85A}.Debug|x86.ActiveCfg = Debug|x86
		{42E827B4-1E98-453B-8A36-009C201DD85A}.Debug|x86.Build.0 = Debug|x86
		{42E827B4-1E98-453B-8A36-009C201DD85A}.Release|Any CPU.ActiveCfg = Release|x86
		{42E827B4-1E98-453B-8A36-009C201DD85A}.Release|Mixed Platforms.ActiveCfg = Release|x86
		{42E827B4-1E98-453B-8A36-009C201DD85A}.Release|Mixed Platforms.Build.0 = Release|x86
		{42E827B4-1E98-453B-8A36-009C201DD85A}.Release|x86.ActiveCfg = Release|x86
		{42E827B4-1E98-453B-8A36-009C201DD85A}.Release|x86.Build.0 = Release|x86
		{D67BE3FC-BB67-4ADC-A368-98B04B395396}.Debug|Any CPU.ActiveCfg = Debug|Any CPU
		{D67BE3FC-BB67-4ADC-A368-98B04B395396}.Debug|Any CPU.Build.0 = Debug|Any CPU
		{D67BE3FC-BB67-4ADC-A368-98B04B395396}.Debug|Mixed Platforms.ActiveCfg = Debug|Any CPU
		{D67BE3FC-BB67-4ADC-A368-98B04B395396}.Debug|Mixed Platforms.Build.0 = Debug|Any CPU
		{D67BE3FC-BB67-4ADC-A368-98B04B395396}.Debug|x86.ActiveCfg = Debug|Any CPU
		{D67BE3FC-BB67-4ADC-A368-98B04B395396}.Release|Any CPU.ActiveCfg = Release|Any CPU
		{D67BE3FC-BB67-4ADC-A368-98B04B395396}.Release|Any CPU.Build.0 = Release|Any CPU
		{D67BE3FC-BB67-4ADC-A368-98B04B395396}.Release|Mixed Platforms.ActiveCfg = Release|Any CPU
		{D67BE3FC-BB67-4ADC-A368-98B04B395396}.Release|Mixed Platforms.Build.0 = Release|Any CPU
		{D67BE3FC-BB67-4ADC-A368-98B04B395396}.Release|x86.ActiveCfg = Release|Any CPU
		{1D5D8BFA-F1F1-43E6-80C7-5ECAFECCB9F2}.Debug|Any CPU.ActiveCfg = Debug|Any CPU
		{1D5D8BFA-F1F1-43E6-80C7-5ECAFECCB9F2}.Debug|Any CPU.Build.0 = Debug|Any CPU
		{1D5D8BFA-F1F1-43E6-80C7-5ECAFECCB9F2}.Debug|Mixed Platforms.ActiveCfg = Debug|Any CPU
		{1D5D8BFA-F1F1-43E6-80C7-5ECAFECCB9F2}.Debug|Mixed Platforms.Build.0 = Debug|Any CPU
		{1D5D8BFA-F1F1-43E6-80C7-5ECAFECCB9F2}.Debug|x86.ActiveCfg = Debug|Any CPU
		{1D5D8BFA-F1F1-43E6-80C7-5ECAFECCB9F2}.Release|Any CPU.ActiveCfg = Release|Any CPU
		{1D5D8BFA-F1F1-43E6-80C7-5ECAFECCB9F2}.Release|Any CPU.Build.0 = Release|Any CPU
		{1D5D8BFA-F1F1-43E6-80C7-5ECAFECCB9F2}.Release|Mixed Platforms.ActiveCfg = Release|Any CPU
		{1D5D8BFA-F1F1-43E6-80C7-5ECAFECCB9F2}.Release|Mixed Platforms.Build.0 = Release|Any CPU
		{1D5D8BFA-F1F1-43E6-80C7-5ECAFECCB9F2}.Release|x86.ActiveCfg = Release|Any CPU
		{CDB8B44E-47FC-4F39-96EF-207EB67772FF}.Debug|Any CPU.ActiveCfg = Debug|Any CPU
		{CDB8B44E-47FC-4F39-96EF-207EB67772FF}.Debug|Any CPU.Build.0 = Debug|Any CPU
		{CDB8B44E-47FC-4F39-96EF-207EB67772FF}.Debug|Mixed Platforms.ActiveCfg = Debug|Any CPU
		{CDB8B44E-47FC-4F39-96EF-207EB67772FF}.Debug|Mixed Platforms.Build.0 = Debug|Any CPU
		{CDB8B44E-47FC-4F39-96EF-207EB67772FF}.Debug|x86.ActiveCfg = Debug|Any CPU
		{CDB8B44E-47FC-4F39-96EF-207EB67772FF}.Release|Any CPU.ActiveCfg = Release|Any CPU
		{CDB8B44E-47FC-4F39-96EF-207EB67772FF}.Release|Any CPU.Build.0 = Release|Any CPU
		{CDB8B44E-47FC-4F39-96EF-207EB67772FF}.Release|Mixed Platforms.ActiveCfg = Release|Any CPU
		{CDB8B44E-47FC-4F39-96EF-207EB67772FF}.Release|Mixed Platforms.Build.0 = Release|Any CPU
		{CDB8B44E-47FC-4F39-96EF-207EB67772FF}.Release|x86.ActiveCfg = Release|Any CPU
		{9D0A85CB-22E2-4B25-99CC-2555D64AB8C9}.Debug|Any CPU.ActiveCfg = Debug|Any CPU
		{9D0A85CB-22E2-4B25-99CC-2555D64AB8C9}.Debug|Any CPU.Build.0 = Debug|Any CPU
		{9D0A85CB-22E2-4B25-99CC-2555D64AB8C9}.Debug|Mixed Platforms.ActiveCfg = Debug|Any CPU
		{9D0A85CB-22E2-4B25-99CC-2555D64AB8C9}.Debug|Mixed Platforms.Build.0 = Debug|Any CPU
		{9D0A85CB-22E2-4B25-99CC-2555D64AB8C9}.Debug|x86.ActiveCfg = Debug|Any CPU
		{9D0A85CB-22E2-4B25-99CC-2555D64AB8C9}.Release|Any CPU.ActiveCfg = Release|Any CPU
		{9D0A85CB-22E2-4B25-99CC-2555D64AB8C9}.Release|Any CPU.Build.0 = Release|Any CPU
		{9D0A85CB-22E2-4B25-99CC-2555D64AB8C9}.Release|Mixed Platforms.ActiveCfg = Release|Any CPU
		{9D0A85CB-22E2-4B25-99CC-2555D64AB8C9}.Release|Mixed Platforms.Build.0 = Release|Any CPU
		{9D0A85CB-22E2-4B25-99CC-2555D64AB8C9}.Release|x86.ActiveCfg = Release|Any CPU
		{D7260EE7-F41C-4AC4-87FF-959BD107A4DE}.Debug|Any CPU.ActiveCfg = Debug|Any CPU
		{D7260EE7-F41C-4AC4-87FF-959BD107A4DE}.Debug|Any CPU.Build.0 = Debug|Any CPU
		{D7260EE7-F41C-4AC4-87FF-959BD107A4DE}.Debug|Mixed Platforms.ActiveCfg = Debug|Any CPU
		{D7260EE7-F41C-4AC4-87FF-959BD107A4DE}.Debug|Mixed Platforms.Build.0 = Debug|Any CPU
		{D7260EE7-F41C-4AC4-87FF-959BD107A4DE}.Debug|x86.ActiveCfg = Debug|Any CPU
		{D7260EE7-F41C-4AC4-87FF-959BD107A4DE}.Release|Any CPU.ActiveCfg = Release|Any CPU
		{D7260EE7-F41C-4AC4-87FF-959BD107A4DE}.Release|Any CPU.Build.0 = Release|Any CPU
		{D7260EE7-F41C-4AC4-87FF-959BD107A4DE}.Release|Mixed Platforms.ActiveCfg = Release|Any CPU
		{D7260EE7-F41C-4AC4-87FF-959BD107A4DE}.Release|Mixed Platforms.Build.0 = Release|Any CPU
		{D7260EE7-F41C-4AC4-87FF-959BD107A4DE}.Release|x86.ActiveCfg = Release|Any CPU
		{52F92D36-69D4-447E-91E0-E155C4EE7DC6}.Debug|Any CPU.ActiveCfg = Debug|Any CPU
		{52F92D36-69D4-447E-91E0-E155C4EE7DC6}.Debug|Any CPU.Build.0 = Debug|Any CPU
		{52F92D36-69D4-447E-91E0-E155C4EE7DC6}.Debug|Mixed Platforms.ActiveCfg = Debug|Any CPU
		{52F92D36-69D4-447E-91E0-E155C4EE7DC6}.Debug|Mixed Platforms.Build.0 = Debug|Any CPU
		{52F92D36-69D4-447E-91E0-E155C4EE7DC6}.Debug|x86.ActiveCfg = Debug|Any CPU
		{52F92D36-69D4-447E-91E0-E155C4EE7DC6}.Release|Any CPU.ActiveCfg = Release|Any CPU
		{52F92D36-69D4-447E-91E0-E155C4EE7DC6}.Release|Any CPU.Build.0 = Release|Any CPU
		{52F92D36-69D4-447E-91E0-E155C4EE7DC6}.Release|Mixed Platforms.ActiveCfg = Release|Any CPU
		{52F92D36-69D4-447E-91E0-E155C4EE7DC6}.Release|Mixed Platforms.Build.0 = Release|Any CPU
		{52F92D36-69D4-447E-91E0-E155C4EE7DC6}.Release|x86.ActiveCfg = Release|Any CPU
	EndGlobalSection
	GlobalSection(SolutionProperties) = preSolution
		HideSolutionNode = FALSE
	EndGlobalSection
	GlobalSection(NestedProjects) = preSolution
		{29E7CCC1-0F54-45F9-8492-62145046C625} = {FD8841D6-E7C3-4684-AD47-4FDFD7F556B5}
		{092618E1-1F37-422C-82AF-17A1337B8986} = {FD8841D6-E7C3-4684-AD47-4FDFD7F556B5}
		{8E4322D7-C6B3-4EE1-9FAD-7B848B38C834} = {FD8841D6-E7C3-4684-AD47-4FDFD7F556B5}
		{6AD11637-3BFB-4FF3-B1A5-AADE45303928} = {FD8841D6-E7C3-4684-AD47-4FDFD7F556B5}
		{7EB0E12F-F1DB-49B0-B87D-918BD6950151} = {FD8841D6-E7C3-4684-AD47-4FDFD7F556B5}
		{F078F62F-8023-4E25-8834-973377000D57} = {FD8841D6-E7C3-4684-AD47-4FDFD7F556B5}
		{5B0E8D0F-247E-4937-8177-48EA5E267CAB} = {FD8841D6-E7C3-4684-AD47-4FDFD7F556B5}
		{8EB9D6B2-C2B6-4CD3-BEAE-2C22347A81DA} = {FD8841D6-E7C3-4684-AD47-4FDFD7F556B5}
		{42E827B4-1E98-453B-8A36-009C201DD85A} = {FD8841D6-E7C3-4684-AD47-4FDFD7F556B5}
		{D67BE3FC-BB67-4ADC-A368-98B04B395396} = {FD8841D6-E7C3-4684-AD47-4FDFD7F556B5}
		{1D5D8BFA-F1F1-43E6-80C7-5ECAFECCB9F2} = {FD8841D6-E7C3-4684-AD47-4FDFD7F556B5}
		{CDB8B44E-47FC-4F39-96EF-207EB67772FF} = {FD8841D6-E7C3-4684-AD47-4FDFD7F556B5}
		{9D0A85CB-22E2-4B25-99CC-2555D64AB8C9} = {FD8841D6-E7C3-4684-AD47-4FDFD7F556B5}
		{D7260EE7-F41C-4AC4-87FF-959BD107A4DE} = {FD8841D6-E7C3-4684-AD47-4FDFD7F556B5}
	EndGlobalSection
EndGlobal
