
Microsoft Visual Studio Solution File, Format Version 12.00
# Visual Studio 2012
Project("{2150E333-8FDC-42A3-9474-1A3956D46DE8}") = "Core", "Core", "{2E4742C5-F136-487C-9E3A-A2FA587D9F7C}"
EndProject
Project("{FAE04EC0-301F-11D3-BF4B-00C04F79EFBC}") = "Atlantis.Framework.PLSignupInfo.Interface", "Atlantis.Framework.PLSignupInfo.Interface\Atlantis.Framework.PLSignupInfo.Interface.csproj", "{3C228090-226D-435D-AC13-BE073CCDFAE2}"
EndProject
Project("{FAE04EC0-301F-11D3-BF4B-00C04F79EFBC}") = "Atlantis.Framework.PLSignupInfo.Impl", "Atlantis.Framework.PLSignupInfo.Impl\Atlantis.Framework.PLSignupInfo.Impl.csproj", "{4DFB1615-1204-4095-B56E-C697A4EA6E03}"
EndProject
Project("{FAE04EC0-301F-11D3-BF4B-00C04F79EFBC}") = "Atlantis.Framework.PLSignupInfo.Tests", "Atlantis.Framework.PLSignupInfo.Tests\Atlantis.Framework.PLSignupInfo.Tests.csproj", "{DD733041-098A-4BB9-9201-3DE4D96D4357}"
EndProject
Global
	GlobalSection(TeamFoundationVersionControl) = preSolution
		SccNumberOfProjects = 4
		SccEnterpriseProvider = {4CA58AB2-18FA-4F8D-95D4-32DDF27D184C}
		SccTeamFoundationServer = http://tfs2010:8080/tfs/gd
		SccLocalPath0 = .
		SccProjectUniqueName1 = Atlantis.Framework.PLSignupInfo.Impl\\Atlantis.Framework.PLSignupInfo.Impl.csproj
		SccProjectName1 = Atlantis.Framework.PLSignupInfo.Impl
		SccLocalPath1 = Atlantis.Framework.PLSignupInfo.Impl
		SccProjectUniqueName2 = Atlantis.Framework.PLSignupInfo.Interface\\Atlantis.Framework.PLSignupInfo.Interface.csproj
		SccProjectName2 = Atlantis.Framework.PLSignupInfo.Interface
		SccLocalPath2 = Atlantis.Framework.PLSignupInfo.Interface
		SccProjectUniqueName3 = Atlantis.Framework.PLSignupInfo.Tests\\Atlantis.Framework.PLSignupInfo.Tests.csproj
		SccProjectName3 = Atlantis.Framework.PLSignupInfo.Tests
		SccLocalPath3 = Atlantis.Framework.PLSignupInfo.Tests
	EndGlobalSection
	GlobalSection(SolutionConfigurationPlatforms) = preSolution
		Debug|Any CPU = Debug|Any CPU
		Release|Any CPU = Release|Any CPU
	EndGlobalSection
	GlobalSection(ProjectConfigurationPlatforms) = postSolution
		{3C228090-226D-435D-AC13-BE073CCDFAE2}.Debug|Any CPU.ActiveCfg = Debug|Any CPU
		{3C228090-226D-435D-AC13-BE073CCDFAE2}.Debug|Any CPU.Build.0 = Debug|Any CPU
		{3C228090-226D-435D-AC13-BE073CCDFAE2}.Release|Any CPU.ActiveCfg = Release|Any CPU
		{3C228090-226D-435D-AC13-BE073CCDFAE2}.Release|Any CPU.Build.0 = Release|Any CPU
		{4DFB1615-1204-4095-B56E-C697A4EA6E03}.Debug|Any CPU.ActiveCfg = Debug|Any CPU
		{4DFB1615-1204-4095-B56E-C697A4EA6E03}.Debug|Any CPU.Build.0 = Debug|Any CPU
		{4DFB1615-1204-4095-B56E-C697A4EA6E03}.Release|Any CPU.ActiveCfg = Release|Any CPU
		{4DFB1615-1204-4095-B56E-C697A4EA6E03}.Release|Any CPU.Build.0 = Release|Any CPU
		{DD733041-098A-4BB9-9201-3DE4D96D4357}.Debug|Any CPU.ActiveCfg = Debug|Any CPU
		{DD733041-098A-4BB9-9201-3DE4D96D4357}.Debug|Any CPU.Build.0 = Debug|Any CPU
		{DD733041-098A-4BB9-9201-3DE4D96D4357}.Release|Any CPU.ActiveCfg = Release|Any CPU
		{DD733041-098A-4BB9-9201-3DE4D96D4357}.Release|Any CPU.Build.0 = Release|Any CPU
	EndGlobalSection
	GlobalSection(SolutionProperties) = preSolution
		HideSolutionNode = FALSE
	EndGlobalSection
EndGlobal
