
Microsoft Visual Studio Solution File, Format Version 11.00
# Visual Studio 2010
Project("{2150E333-8FDC-42A3-9474-1A3956D46DE8}") = "Core", "Core", "{340ADFB6-9FAA-4C61-B1A3-5943C98A71FB}"
EndProject
Project("{FAE04EC0-301F-11D3-BF4B-00C04F79EFBC}") = "Atlantis.Framework.QSCThemeImages.Impl", "Atlantis.Framework.QSCThemeImages.Impl\Atlantis.Framework.QSCThemeImages.Impl.csproj", "{C84E43BD-9B4D-47A2-8A97-15B238B446EF}"
EndProject
Project("{FAE04EC0-301F-11D3-BF4B-00C04F79EFBC}") = "Atlantis.Framework.QSCThemeImages.Interface", "Atlantis.Framework.QSCThemeImages.Interface\Atlantis.Framework.QSCThemeImages.Interface.csproj", "{BF1CFD8D-759F-44D6-86E2-7DC17E408357}"
EndProject
Project("{FAE04EC0-301F-11D3-BF4B-00C04F79EFBC}") = "Atlantis.Framework.QSCThemeImages.Test", "Atlantis.Framework.QSCThemeImages.Test\Atlantis.Framework.QSCThemeImages.Test.csproj", "{0A05C282-2A20-4424-9A14-63FE47605F7B}"
EndProject
Project("{FAE04EC0-301F-11D3-BF4B-00C04F79EFBC}") = "Atlantis.Framework.Interface", "..\Atlantis.Framework.Engine\Atlantis.Framework.Interface\Atlantis.Framework.Interface.csproj", "{2474F971-3E1D-4608-9D60-B0A9A1CA8D13}"
EndProject
Project("{FAE04EC0-301F-11D3-BF4B-00C04F79EFBC}") = "Atlantis.Framework.Engine", "..\Atlantis.Framework.Engine\Atlantis.Framework.Engine\Atlantis.Framework.Engine.csproj", "{092618E1-1F37-422C-82AF-17A1337B8986}"
EndProject
Global
	GlobalSection(TeamFoundationVersionControl) = preSolution
		SccNumberOfProjects = 6
		SccEnterpriseProvider = {4CA58AB2-18FA-4F8D-95D4-32DDF27D184C}
		SccTeamFoundationServer = http://tfs:8080/
		SccProjectUniqueName0 = ..\\Atlantis.Framework.Engine\\Atlantis.Framework.Interface\\Atlantis.Framework.Interface.csproj
		SccProjectTopLevelParentUniqueName0 = Atlantis.Framework.QSCThemeImages.sln
		SccProjectName0 = ../Atlantis.Framework.Engine/Atlantis.Framework.Interface
		SccLocalPath0 = ..\\Atlantis.Framework.Engine\\Atlantis.Framework.Interface
		SccProjectUniqueName1 = ..\\Atlantis.Framework.Engine\\Atlantis.Framework.Engine\\Atlantis.Framework.Engine.csproj
		SccProjectTopLevelParentUniqueName1 = Atlantis.Framework.QSCThemeImages.sln
		SccProjectName1 = ../Atlantis.Framework.Engine/Atlantis.Framework.Engine
		SccLocalPath1 = ..\\Atlantis.Framework.Engine\\Atlantis.Framework.Engine
		SccLocalPath2 = .
		SccProjectUniqueName3 = Atlantis.Framework.QSCThemeImages.Impl\\Atlantis.Framework.QSCThemeImages.Impl.csproj
		SccProjectName3 = Atlantis.Framework.QSCThemeImages.Impl
		SccLocalPath3 = Atlantis.Framework.QSCThemeImages.Impl
		SccProjectUniqueName4 = Atlantis.Framework.QSCThemeImages.Interface\\Atlantis.Framework.QSCThemeImages.Interface.csproj
		SccProjectName4 = Atlantis.Framework.QSCThemeImages.Interface
		SccLocalPath4 = Atlantis.Framework.QSCThemeImages.Interface
		SccProjectUniqueName5 = Atlantis.Framework.QSCThemeImages.Test\\Atlantis.Framework.QSCThemeImages.Test.csproj
		SccProjectName5 = Atlantis.Framework.QSCThemeImages.Test
		SccLocalPath5 = Atlantis.Framework.QSCThemeImages.Test
	EndGlobalSection
	GlobalSection(SolutionConfigurationPlatforms) = preSolution
		Debug|Any CPU = Debug|Any CPU
		Release|Any CPU = Release|Any CPU
	EndGlobalSection
	GlobalSection(ProjectConfigurationPlatforms) = postSolution
		{C84E43BD-9B4D-47A2-8A97-15B238B446EF}.Debug|Any CPU.ActiveCfg = Debug|Any CPU
		{C84E43BD-9B4D-47A2-8A97-15B238B446EF}.Debug|Any CPU.Build.0 = Debug|Any CPU
		{C84E43BD-9B4D-47A2-8A97-15B238B446EF}.Release|Any CPU.ActiveCfg = Release|Any CPU
		{C84E43BD-9B4D-47A2-8A97-15B238B446EF}.Release|Any CPU.Build.0 = Release|Any CPU
		{BF1CFD8D-759F-44D6-86E2-7DC17E408357}.Debug|Any CPU.ActiveCfg = Debug|Any CPU
		{BF1CFD8D-759F-44D6-86E2-7DC17E408357}.Debug|Any CPU.Build.0 = Debug|Any CPU
		{BF1CFD8D-759F-44D6-86E2-7DC17E408357}.Release|Any CPU.ActiveCfg = Release|Any CPU
		{BF1CFD8D-759F-44D6-86E2-7DC17E408357}.Release|Any CPU.Build.0 = Release|Any CPU
		{0A05C282-2A20-4424-9A14-63FE47605F7B}.Debug|Any CPU.ActiveCfg = Debug|Any CPU
		{0A05C282-2A20-4424-9A14-63FE47605F7B}.Debug|Any CPU.Build.0 = Debug|Any CPU
		{0A05C282-2A20-4424-9A14-63FE47605F7B}.Release|Any CPU.ActiveCfg = Release|Any CPU
		{0A05C282-2A20-4424-9A14-63FE47605F7B}.Release|Any CPU.Build.0 = Release|Any CPU
		{2474F971-3E1D-4608-9D60-B0A9A1CA8D13}.Debug|Any CPU.ActiveCfg = Debug|Any CPU
		{2474F971-3E1D-4608-9D60-B0A9A1CA8D13}.Debug|Any CPU.Build.0 = Debug|Any CPU
		{2474F971-3E1D-4608-9D60-B0A9A1CA8D13}.Release|Any CPU.ActiveCfg = Release|Any CPU
		{2474F971-3E1D-4608-9D60-B0A9A1CA8D13}.Release|Any CPU.Build.0 = Release|Any CPU
		{092618E1-1F37-422C-82AF-17A1337B8986}.Debug|Any CPU.ActiveCfg = Debug|Any CPU
		{092618E1-1F37-422C-82AF-17A1337B8986}.Debug|Any CPU.Build.0 = Debug|Any CPU
		{092618E1-1F37-422C-82AF-17A1337B8986}.Release|Any CPU.ActiveCfg = Release|Any CPU
		{092618E1-1F37-422C-82AF-17A1337B8986}.Release|Any CPU.Build.0 = Release|Any CPU
	EndGlobalSection
	GlobalSection(SolutionProperties) = preSolution
		HideSolutionNode = FALSE
	EndGlobalSection
	GlobalSection(NestedProjects) = preSolution
		{2474F971-3E1D-4608-9D60-B0A9A1CA8D13} = {340ADFB6-9FAA-4C61-B1A3-5943C98A71FB}
		{092618E1-1F37-422C-82AF-17A1337B8986} = {340ADFB6-9FAA-4C61-B1A3-5943C98A71FB}
	EndGlobalSection
EndGlobal
