
Microsoft Visual Studio Solution File, Format Version 11.00
# Visual Studio 2010
Project("{FAE04EC0-301F-11D3-BF4B-00C04F79EFBC}") = "Atlantis.Framework.BillingAlertsByShopper.Impl", "Atlantis.Framework.BillingAlertsByShopper.Impl\Atlantis.Framework.BillingAlertsByShopper.Impl.csproj", "{CF483E8B-8823-4954-9AF0-81C5E942E913}"
EndProject
Project("{FAE04EC0-301F-11D3-BF4B-00C04F79EFBC}") = "Atlantis.Framework.Engine", "..\Atlantis.Framework.Engine\Atlantis.Framework.Engine\Atlantis.Framework.Engine.csproj", "{092618E1-1F37-422C-82AF-17A1337B8986}"
EndProject
Project("{FAE04EC0-301F-11D3-BF4B-00C04F79EFBC}") = "Atlantis.Framework.Interface", "..\Atlantis.Framework.Engine\Atlantis.Framework.Interface\Atlantis.Framework.Interface.csproj", "{2474F971-3E1D-4608-9D60-B0A9A1CA8D13}"
EndProject
Project("{FAE04EC0-301F-11D3-BF4B-00C04F79EFBC}") = "Atlantis.Framework.BillingAlertsByShopper.Tests", "Atlantis.Framework.BillingAlertsByShopper.Tests\Atlantis.Framework.BillingAlertsByShopper.Tests.csproj", "{9B1B6C89-395A-4D8A-9B5E-D61DDA08028C}"
EndProject
Project("{FAE04EC0-301F-11D3-BF4B-00C04F79EFBC}") = "Atlantis.Framework.BillingAlertsByShopper.Interface", "Atlantis.Framework.BillingAlertsByShopper.Interface\Atlantis.Framework.BillingAlertsByShopper.Interface.csproj", "{8350F7E0-49E9-4189-A955-146ADBCE0CC3}"
EndProject
Project("{2150E333-8FDC-42A3-9474-1A3956D46DE8}") = "Core", "Core", "{85CF8C45-D790-44E4-852C-36ACFD9A6164}"
EndProject
Project("{FAE04EC0-301F-11D3-BF4B-00C04F79EFBC}") = "Atlantis.Framework.SessionCache", "..\Atlantis.Framework.SessionCache\Atlantis.Framework.SessionCache\Atlantis.Framework.SessionCache.csproj", "{8B9AA4D9-B932-40EB-9F36-52C55F2D3D09}"
EndProject
Project("{FAE04EC0-301F-11D3-BF4B-00C04F79EFBC}") = "Atlantis.Framework.Nimitz", "..\Atlantis.Framework.Nimitz\Atlantis.Framework.Nimitz\Atlantis.Framework.Nimitz.csproj", "{17EBED78-9469-4678-96B1-A175AB221916}"
EndProject
Project("{FAE04EC0-301F-11D3-BF4B-00C04F79EFBC}") = "Atlantis.Framework.Testing.MockHttpContext", "..\Atlantis.Framework.Testing\Atlantis.Framework.Testing.MockHttpContext\Atlantis.Framework.Testing.MockHttpContext.csproj", "{5B0E8D0F-247E-4937-8177-48EA5E267CAB}"
EndProject
Global
	GlobalSection(TeamFoundationVersionControl) = preSolution
		SccNumberOfProjects = 9
		SccEnterpriseProvider = {4CA58AB2-18FA-4F8D-95D4-32DDF27D184C}
		SccTeamFoundationServer = http://tfs:8080/
		SccLocalPath0 = .
		SccProjectUniqueName1 = ..\\Atlantis.Framework.Engine\\Atlantis.Framework.Engine\\Atlantis.Framework.Engine.csproj
		SccProjectTopLevelParentUniqueName1 = Atlantis.Framework.BillingAlertsByShopper.sln
		SccProjectName1 = ../Atlantis.Framework.Engine/Atlantis.Framework.Engine
		SccLocalPath1 = ..\\Atlantis.Framework.Engine\\Atlantis.Framework.Engine
		SccProjectUniqueName2 = ..\\Atlantis.Framework.Engine\\Atlantis.Framework.Interface\\Atlantis.Framework.Interface.csproj
		SccProjectTopLevelParentUniqueName2 = Atlantis.Framework.BillingAlertsByShopper.sln
		SccProjectName2 = ../Atlantis.Framework.Engine/Atlantis.Framework.Interface
		SccLocalPath2 = ..\\Atlantis.Framework.Engine\\Atlantis.Framework.Interface
		SccProjectUniqueName3 = Atlantis.Framework.BillingAlertsByShopper.Impl\\Atlantis.Framework.BillingAlertsByShopper.Impl.csproj
		SccProjectName3 = Atlantis.Framework.BillingAlertsByShopper.Impl
		SccLocalPath3 = Atlantis.Framework.BillingAlertsByShopper.Impl
		SccProjectUniqueName4 = Atlantis.Framework.BillingAlertsByShopper.Interface\\Atlantis.Framework.BillingAlertsByShopper.Interface.csproj
		SccProjectName4 = Atlantis.Framework.BillingAlertsByShopper.Interface
		SccLocalPath4 = Atlantis.Framework.BillingAlertsByShopper.Interface
		SccProjectUniqueName5 = Atlantis.Framework.BillingAlertsByShopper.Tests\\Atlantis.Framework.BillingAlertsByShopper.Tests.csproj
		SccProjectName5 = Atlantis.Framework.BillingAlertsByShopper.Tests
		SccLocalPath5 = Atlantis.Framework.BillingAlertsByShopper.Tests
		SccProjectUniqueName6 = ..\\Atlantis.Framework.SessionCache\\Atlantis.Framework.SessionCache\\Atlantis.Framework.SessionCache.csproj
		SccProjectTopLevelParentUniqueName6 = Atlantis.Framework.BillingAlertsByShopper.sln
		SccProjectName6 = ../Atlantis.Framework.SessionCache/Atlantis.Framework.SessionCache
		SccLocalPath6 = ..\\Atlantis.Framework.SessionCache\\Atlantis.Framework.SessionCache
		SccProjectUniqueName7 = ..\\Atlantis.Framework.Nimitz\\Atlantis.Framework.Nimitz\\Atlantis.Framework.Nimitz.csproj
		SccProjectTopLevelParentUniqueName7 = Atlantis.Framework.BillingAlertsByShopper.sln
		SccProjectName7 = ../Atlantis.Framework.Nimitz/Atlantis.Framework.Nimitz
		SccLocalPath7 = ..\\Atlantis.Framework.Nimitz\\Atlantis.Framework.Nimitz
		SccProjectUniqueName8 = ..\\Atlantis.Framework.Testing\\Atlantis.Framework.Testing.MockHttpContext\\Atlantis.Framework.Testing.MockHttpContext.csproj
		SccProjectTopLevelParentUniqueName8 = Atlantis.Framework.BillingAlertsByShopper.sln
		SccProjectName8 = ../Atlantis.Framework.Testing/Atlantis.Framework.Testing.MockHttpContext
		SccLocalPath8 = ..\\Atlantis.Framework.Testing\\Atlantis.Framework.Testing.MockHttpContext
	EndGlobalSection
	GlobalSection(SolutionConfigurationPlatforms) = preSolution
		Debug|Any CPU = Debug|Any CPU
		Release|Any CPU = Release|Any CPU
	EndGlobalSection
	GlobalSection(ProjectConfigurationPlatforms) = postSolution
		{CF483E8B-8823-4954-9AF0-81C5E942E913}.Debug|Any CPU.ActiveCfg = Debug|Any CPU
		{CF483E8B-8823-4954-9AF0-81C5E942E913}.Debug|Any CPU.Build.0 = Debug|Any CPU
		{CF483E8B-8823-4954-9AF0-81C5E942E913}.Release|Any CPU.ActiveCfg = Release|Any CPU
		{CF483E8B-8823-4954-9AF0-81C5E942E913}.Release|Any CPU.Build.0 = Release|Any CPU
		{092618E1-1F37-422C-82AF-17A1337B8986}.Debug|Any CPU.ActiveCfg = Debug|Any CPU
		{092618E1-1F37-422C-82AF-17A1337B8986}.Debug|Any CPU.Build.0 = Debug|Any CPU
		{092618E1-1F37-422C-82AF-17A1337B8986}.Release|Any CPU.ActiveCfg = Release|Any CPU
		{092618E1-1F37-422C-82AF-17A1337B8986}.Release|Any CPU.Build.0 = Release|Any CPU
		{2474F971-3E1D-4608-9D60-B0A9A1CA8D13}.Debug|Any CPU.ActiveCfg = Debug|Any CPU
		{2474F971-3E1D-4608-9D60-B0A9A1CA8D13}.Debug|Any CPU.Build.0 = Debug|Any CPU
		{2474F971-3E1D-4608-9D60-B0A9A1CA8D13}.Release|Any CPU.ActiveCfg = Release|Any CPU
		{2474F971-3E1D-4608-9D60-B0A9A1CA8D13}.Release|Any CPU.Build.0 = Release|Any CPU
		{9B1B6C89-395A-4D8A-9B5E-D61DDA08028C}.Debug|Any CPU.ActiveCfg = Debug|Any CPU
		{9B1B6C89-395A-4D8A-9B5E-D61DDA08028C}.Debug|Any CPU.Build.0 = Debug|Any CPU
		{9B1B6C89-395A-4D8A-9B5E-D61DDA08028C}.Release|Any CPU.ActiveCfg = Release|Any CPU
		{9B1B6C89-395A-4D8A-9B5E-D61DDA08028C}.Release|Any CPU.Build.0 = Release|Any CPU
		{8350F7E0-49E9-4189-A955-146ADBCE0CC3}.Debug|Any CPU.ActiveCfg = Debug|Any CPU
		{8350F7E0-49E9-4189-A955-146ADBCE0CC3}.Debug|Any CPU.Build.0 = Debug|Any CPU
		{8350F7E0-49E9-4189-A955-146ADBCE0CC3}.Release|Any CPU.ActiveCfg = Release|Any CPU
		{8350F7E0-49E9-4189-A955-146ADBCE0CC3}.Release|Any CPU.Build.0 = Release|Any CPU
		{8B9AA4D9-B932-40EB-9F36-52C55F2D3D09}.Debug|Any CPU.ActiveCfg = Debug|Any CPU
		{8B9AA4D9-B932-40EB-9F36-52C55F2D3D09}.Debug|Any CPU.Build.0 = Debug|Any CPU
		{8B9AA4D9-B932-40EB-9F36-52C55F2D3D09}.Release|Any CPU.ActiveCfg = Release|Any CPU
		{8B9AA4D9-B932-40EB-9F36-52C55F2D3D09}.Release|Any CPU.Build.0 = Release|Any CPU
		{17EBED78-9469-4678-96B1-A175AB221916}.Debug|Any CPU.ActiveCfg = Debug|Any CPU
		{17EBED78-9469-4678-96B1-A175AB221916}.Debug|Any CPU.Build.0 = Debug|Any CPU
		{17EBED78-9469-4678-96B1-A175AB221916}.Release|Any CPU.ActiveCfg = Release|Any CPU
		{17EBED78-9469-4678-96B1-A175AB221916}.Release|Any CPU.Build.0 = Release|Any CPU
		{5B0E8D0F-247E-4937-8177-48EA5E267CAB}.Debug|Any CPU.ActiveCfg = Debug|Any CPU
		{5B0E8D0F-247E-4937-8177-48EA5E267CAB}.Debug|Any CPU.Build.0 = Debug|Any CPU
		{5B0E8D0F-247E-4937-8177-48EA5E267CAB}.Release|Any CPU.ActiveCfg = Release|Any CPU
		{5B0E8D0F-247E-4937-8177-48EA5E267CAB}.Release|Any CPU.Build.0 = Release|Any CPU
	EndGlobalSection
	GlobalSection(SolutionProperties) = preSolution
		HideSolutionNode = FALSE
	EndGlobalSection
	GlobalSection(NestedProjects) = preSolution
		{2474F971-3E1D-4608-9D60-B0A9A1CA8D13} = {85CF8C45-D790-44E4-852C-36ACFD9A6164}
		{092618E1-1F37-422C-82AF-17A1337B8986} = {85CF8C45-D790-44E4-852C-36ACFD9A6164}
		{8B9AA4D9-B932-40EB-9F36-52C55F2D3D09} = {85CF8C45-D790-44E4-852C-36ACFD9A6164}
		{17EBED78-9469-4678-96B1-A175AB221916} = {85CF8C45-D790-44E4-852C-36ACFD9A6164}
		{5B0E8D0F-247E-4937-8177-48EA5E267CAB} = {85CF8C45-D790-44E4-852C-36ACFD9A6164}
	EndGlobalSection
EndGlobal
