
Microsoft Visual Studio Solution File, Format Version 11.00
# Visual Studio 2010
Project("{FAE04EC0-301F-11D3-BF4B-00C04F79EFBC}") = "Atlantis.Framework.Engine", "..\Atlantis.Framework.Engine\Atlantis.Framework.Engine\Atlantis.Framework.Engine.csproj", "{092618E1-1F37-422C-82AF-17A1337B8986}"
EndProject
Project("{FAE04EC0-301F-11D3-BF4B-00C04F79EFBC}") = "Atlantis.Framework.Interface", "..\Atlantis.Framework.Engine\Atlantis.Framework.Interface\Atlantis.Framework.Interface.csproj", "{2474F971-3E1D-4608-9D60-B0A9A1CA8D13}"
EndProject
Project("{FAE04EC0-301F-11D3-BF4B-00C04F79EFBC}") = "Atlantis.Framework.MessagingShowUpdateEmail.Impl", "Atlantis.Framework.MessagingShowUpdateEmail.Impl\Atlantis.Framework.MessagingShowUpdateEmail.Impl.csproj", "{4161249B-021A-47E3-9A71-D7647D563354}"
EndProject
Project("{FAE04EC0-301F-11D3-BF4B-00C04F79EFBC}") = "Atlantis.Framework.MessagingShowUpdateEmail.Interface", "Atlantis.Framework.MessagingShowUpdateEmail.Interface\Atlantis.Framework.MessagingShowUpdateEmail.Interface.csproj", "{894606CA-1397-48A5-9811-F87E81483150}"
EndProject
Project("{FAE04EC0-301F-11D3-BF4B-00C04F79EFBC}") = "Atlantis.Framework.MessagingShowUpdateEmail.Tests", "Atlantis.Framework.MessagingShowUpdateEmail.Tests\Atlantis.Framework.MessagingShowUpdateEmail.Tests.csproj", "{801755B6-97EC-416E-9666-177DC10CCA6D}"
EndProject
Project("{2150E333-8FDC-42A3-9474-1A3956D46DE8}") = "Core", "Core", "{8DAE6AC0-9EE7-4D28-A8B9-5EF7EEFA6C2E}"
EndProject
Project("{FAE04EC0-301F-11D3-BF4B-00C04F79EFBC}") = "Atlantis.Framework.Testing.MockHttpContext", "..\Atlantis.Framework.Testing\Atlantis.Framework.Testing.MockHttpContext\Atlantis.Framework.Testing.MockHttpContext.csproj", "{5B0E8D0F-247E-4937-8177-48EA5E267CAB}"
EndProject
Project("{FAE04EC0-301F-11D3-BF4B-00C04F79EFBC}") = "Atlantis.Framework.SessionCache", "..\Atlantis.Framework.SessionCache\Atlantis.Framework.SessionCache\Atlantis.Framework.SessionCache.csproj", "{8B9AA4D9-B932-40EB-9F36-52C55F2D3D09}"
EndProject
Global
	GlobalSection(TeamFoundationVersionControl) = preSolution
		SccNumberOfProjects = 8
		SccEnterpriseProvider = {4CA58AB2-18FA-4F8D-95D4-32DDF27D184C}
		SccTeamFoundationServer = http://tfs:8080/
		SccLocalPath0 = .
		SccProjectUniqueName1 = ..\\Atlantis.Framework.Engine\\Atlantis.Framework.Engine\\Atlantis.Framework.Engine.csproj
		SccProjectTopLevelParentUniqueName1 = Atlantis.Framework.MessagingShowUpdateEmail.sln
		SccProjectName1 = ../Atlantis.Framework.Engine/Atlantis.Framework.Engine
		SccLocalPath1 = ..\\Atlantis.Framework.Engine\\Atlantis.Framework.Engine
		SccProjectUniqueName2 = ..\\Atlantis.Framework.Engine\\Atlantis.Framework.Interface\\Atlantis.Framework.Interface.csproj
		SccProjectTopLevelParentUniqueName2 = Atlantis.Framework.MessagingShowUpdateEmail.sln
		SccProjectName2 = ../Atlantis.Framework.Engine/Atlantis.Framework.Interface
		SccLocalPath2 = ..\\Atlantis.Framework.Engine\\Atlantis.Framework.Interface
		SccProjectUniqueName3 = Atlantis.Framework.MessagingShowUpdateEmail.Impl\\Atlantis.Framework.MessagingShowUpdateEmail.Impl.csproj
		SccProjectName3 = Atlantis.Framework.MessagingShowUpdateEmail.Impl
		SccLocalPath3 = Atlantis.Framework.MessagingShowUpdateEmail.Impl
		SccProjectUniqueName4 = Atlantis.Framework.MessagingShowUpdateEmail.Interface\\Atlantis.Framework.MessagingShowUpdateEmail.Interface.csproj
		SccProjectName4 = Atlantis.Framework.MessagingShowUpdateEmail.Interface
		SccLocalPath4 = Atlantis.Framework.MessagingShowUpdateEmail.Interface
		SccProjectUniqueName5 = Atlantis.Framework.MessagingShowUpdateEmail.Tests\\Atlantis.Framework.MessagingShowUpdateEmail.Tests.csproj
		SccProjectName5 = Atlantis.Framework.MessagingShowUpdateEmail.Tests
		SccLocalPath5 = Atlantis.Framework.MessagingShowUpdateEmail.Tests
		SccProjectUniqueName6 = ..\\Atlantis.Framework.Testing\\Atlantis.Framework.Testing.MockHttpContext\\Atlantis.Framework.Testing.MockHttpContext.csproj
		SccProjectTopLevelParentUniqueName6 = Atlantis.Framework.MessagingShowUpdateEmail.sln
		SccProjectName6 = ../Atlantis.Framework.Testing/Atlantis.Framework.Testing.MockHttpContext
		SccLocalPath6 = ..\\Atlantis.Framework.Testing\\Atlantis.Framework.Testing.MockHttpContext
		SccProjectUniqueName7 = ..\\Atlantis.Framework.SessionCache\\Atlantis.Framework.SessionCache\\Atlantis.Framework.SessionCache.csproj
		SccProjectTopLevelParentUniqueName7 = Atlantis.Framework.MessagingShowUpdateEmail.sln
		SccProjectName7 = ../Atlantis.Framework.SessionCache/Atlantis.Framework.SessionCache
		SccLocalPath7 = ..\\Atlantis.Framework.SessionCache\\Atlantis.Framework.SessionCache
	EndGlobalSection
	GlobalSection(SolutionConfigurationPlatforms) = preSolution
		Debug|Any CPU = Debug|Any CPU
		Release|Any CPU = Release|Any CPU
	EndGlobalSection
	GlobalSection(ProjectConfigurationPlatforms) = postSolution
		{092618E1-1F37-422C-82AF-17A1337B8986}.Debug|Any CPU.ActiveCfg = Debug|Any CPU
		{092618E1-1F37-422C-82AF-17A1337B8986}.Debug|Any CPU.Build.0 = Debug|Any CPU
		{092618E1-1F37-422C-82AF-17A1337B8986}.Release|Any CPU.ActiveCfg = Release|Any CPU
		{092618E1-1F37-422C-82AF-17A1337B8986}.Release|Any CPU.Build.0 = Release|Any CPU
		{2474F971-3E1D-4608-9D60-B0A9A1CA8D13}.Debug|Any CPU.ActiveCfg = Debug|Any CPU
		{2474F971-3E1D-4608-9D60-B0A9A1CA8D13}.Debug|Any CPU.Build.0 = Debug|Any CPU
		{2474F971-3E1D-4608-9D60-B0A9A1CA8D13}.Release|Any CPU.ActiveCfg = Release|Any CPU
		{2474F971-3E1D-4608-9D60-B0A9A1CA8D13}.Release|Any CPU.Build.0 = Release|Any CPU
		{4161249B-021A-47E3-9A71-D7647D563354}.Debug|Any CPU.ActiveCfg = Debug|Any CPU
		{4161249B-021A-47E3-9A71-D7647D563354}.Debug|Any CPU.Build.0 = Debug|Any CPU
		{4161249B-021A-47E3-9A71-D7647D563354}.Release|Any CPU.ActiveCfg = Release|Any CPU
		{4161249B-021A-47E3-9A71-D7647D563354}.Release|Any CPU.Build.0 = Release|Any CPU
		{894606CA-1397-48A5-9811-F87E81483150}.Debug|Any CPU.ActiveCfg = Debug|Any CPU
		{894606CA-1397-48A5-9811-F87E81483150}.Debug|Any CPU.Build.0 = Debug|Any CPU
		{894606CA-1397-48A5-9811-F87E81483150}.Release|Any CPU.ActiveCfg = Release|Any CPU
		{894606CA-1397-48A5-9811-F87E81483150}.Release|Any CPU.Build.0 = Release|Any CPU
		{801755B6-97EC-416E-9666-177DC10CCA6D}.Debug|Any CPU.ActiveCfg = Debug|Any CPU
		{801755B6-97EC-416E-9666-177DC10CCA6D}.Debug|Any CPU.Build.0 = Debug|Any CPU
		{801755B6-97EC-416E-9666-177DC10CCA6D}.Release|Any CPU.ActiveCfg = Release|Any CPU
		{801755B6-97EC-416E-9666-177DC10CCA6D}.Release|Any CPU.Build.0 = Release|Any CPU
		{5B0E8D0F-247E-4937-8177-48EA5E267CAB}.Debug|Any CPU.ActiveCfg = Debug|Any CPU
		{5B0E8D0F-247E-4937-8177-48EA5E267CAB}.Debug|Any CPU.Build.0 = Debug|Any CPU
		{5B0E8D0F-247E-4937-8177-48EA5E267CAB}.Release|Any CPU.ActiveCfg = Release|Any CPU
		{5B0E8D0F-247E-4937-8177-48EA5E267CAB}.Release|Any CPU.Build.0 = Release|Any CPU
		{8B9AA4D9-B932-40EB-9F36-52C55F2D3D09}.Debug|Any CPU.ActiveCfg = Debug|Any CPU
		{8B9AA4D9-B932-40EB-9F36-52C55F2D3D09}.Debug|Any CPU.Build.0 = Debug|Any CPU
		{8B9AA4D9-B932-40EB-9F36-52C55F2D3D09}.Release|Any CPU.ActiveCfg = Release|Any CPU
		{8B9AA4D9-B932-40EB-9F36-52C55F2D3D09}.Release|Any CPU.Build.0 = Release|Any CPU
	EndGlobalSection
	GlobalSection(SolutionProperties) = preSolution
		HideSolutionNode = FALSE
	EndGlobalSection
	GlobalSection(NestedProjects) = preSolution
		{2474F971-3E1D-4608-9D60-B0A9A1CA8D13} = {8DAE6AC0-9EE7-4D28-A8B9-5EF7EEFA6C2E}
		{092618E1-1F37-422C-82AF-17A1337B8986} = {8DAE6AC0-9EE7-4D28-A8B9-5EF7EEFA6C2E}
		{5B0E8D0F-247E-4937-8177-48EA5E267CAB} = {8DAE6AC0-9EE7-4D28-A8B9-5EF7EEFA6C2E}
		{8B9AA4D9-B932-40EB-9F36-52C55F2D3D09} = {8DAE6AC0-9EE7-4D28-A8B9-5EF7EEFA6C2E}
	EndGlobalSection
EndGlobal
