
Microsoft Visual Studio Solution File, Format Version 11.00
# Visual Studio 2010
Project("{2150E333-8FDC-42A3-9474-1A3956D46DE8}") = "Solution Items", "Solution Items", "{BD5956CA-3E5B-4DF2-8155-4276C96D37A1}"
	ProjectSection(SolutionItems) = preProject
		Atlantis.Framework.RegIsValidXN.vsmdi = Atlantis.Framework.RegIsValidXN.vsmdi
		LocalTestRun.testrunconfig = LocalTestRun.testrunconfig
	EndProjectSection
EndProject
Project("{FAE04EC0-301F-11D3-BF4B-00C04F79EFBC}") = "Atlantis.Framework.Interface", "..\Atlantis.Framework.Engine\Atlantis.Framework.Interface\Atlantis.Framework.Interface.csproj", "{2474F971-3E1D-4608-9D60-B0A9A1CA8D13}"
EndProject
Project("{FAE04EC0-301F-11D3-BF4B-00C04F79EFBC}") = "Atlantis.Framework.Engine", "..\Atlantis.Framework.Engine\Atlantis.Framework.Engine\Atlantis.Framework.Engine.csproj", "{092618E1-1F37-422C-82AF-17A1337B8986}"
EndProject
Project("{FAE04EC0-301F-11D3-BF4B-00C04F79EFBC}") = "Atlantis.Framework.RegIsValidXN.Impl", "Atlantis.Framework.RegIsValidXN.Impl\Atlantis.Framework.RegIsValidXN.Impl.csproj", "{C861A890-E6A4-449F-BBF5-9F323E08C795}"
EndProject
Project("{FAE04EC0-301F-11D3-BF4B-00C04F79EFBC}") = "Atlantis.Framework.RegIsValidXN.Interface", "Atlantis.Framework.RegIsValidXN.Interface\Atlantis.Framework.RegIsValidXN.Interface.csproj", "{15F23E0D-95B7-48F3-BF27-E56E39E16E55}"
EndProject
Project("{FAE04EC0-301F-11D3-BF4B-00C04F79EFBC}") = "Atlantis.Framework.RegIsValidXN.Tests", "Atlantis.Framework.RegIsValidXN.Tests\Atlantis.Framework.RegIsValidXN.Tests.csproj", "{B4A97187-E5B0-4C6F-9DBD-D8BC7BE626E1}"
EndProject
Project("{2150E333-8FDC-42A3-9474-1A3956D46DE8}") = "Core", "Core", "{10443DE8-C067-4F31-BCE1-F1210C78DB70}"
EndProject
Global
	GlobalSection(TeamFoundationVersionControl) = preSolution
		SccNumberOfProjects = 6
		SccEnterpriseProvider = {4CA58AB2-18FA-4F8D-95D4-32DDF27D184C}
		SccTeamFoundationServer = http://tfs:8080/
		SccLocalPath0 = .
		SccProjectUniqueName1 = ..\\Atlantis.Framework.Engine\\Atlantis.Framework.Interface\\Atlantis.Framework.Interface.csproj
		SccProjectTopLevelParentUniqueName1 = Atlantis.Framework.RegIsValidXN.sln
		SccProjectName1 = ../Atlantis.Framework.Engine/Atlantis.Framework.Interface
		SccLocalPath1 = ..\\Atlantis.Framework.Engine\\Atlantis.Framework.Interface
		SccProjectUniqueName2 = ..\\Atlantis.Framework.Engine\\Atlantis.Framework.Engine\\Atlantis.Framework.Engine.csproj
		SccProjectTopLevelParentUniqueName2 = Atlantis.Framework.RegIsValidXN.sln
		SccProjectName2 = ../Atlantis.Framework.Engine/Atlantis.Framework.Engine
		SccLocalPath2 = ..\\Atlantis.Framework.Engine\\Atlantis.Framework.Engine
		SccProjectUniqueName3 = Atlantis.Framework.RegIsValidXN.Impl\\Atlantis.Framework.RegIsValidXN.Impl.csproj
		SccProjectName3 = Atlantis.Framework.RegIsValidXN.Impl
		SccLocalPath3 = Atlantis.Framework.RegIsValidXN.Impl
		SccProjectUniqueName4 = Atlantis.Framework.RegIsValidXN.Interface\\Atlantis.Framework.RegIsValidXN.Interface.csproj
		SccProjectName4 = Atlantis.Framework.RegIsValidXN.Interface
		SccLocalPath4 = Atlantis.Framework.RegIsValidXN.Interface
		SccProjectUniqueName5 = Atlantis.Framework.RegIsValidXN.Tests\\Atlantis.Framework.RegIsValidXN.Tests.csproj
		SccProjectName5 = Atlantis.Framework.RegIsValidXN.Tests
		SccLocalPath5 = Atlantis.Framework.RegIsValidXN.Tests
	EndGlobalSection
	GlobalSection(TestCaseManagementSettings) = postSolution
		CategoryFile = Atlantis.Framework.RegIsValidXN.vsmdi
	EndGlobalSection
	GlobalSection(SolutionConfigurationPlatforms) = preSolution
		Debug|Any CPU = Debug|Any CPU
		Release|Any CPU = Release|Any CPU
	EndGlobalSection
	GlobalSection(ProjectConfigurationPlatforms) = postSolution
		{2474F971-3E1D-4608-9D60-B0A9A1CA8D13}.Debug|Any CPU.ActiveCfg = Debug|Any CPU
		{2474F971-3E1D-4608-9D60-B0A9A1CA8D13}.Debug|Any CPU.Build.0 = Debug|Any CPU
		{2474F971-3E1D-4608-9D60-B0A9A1CA8D13}.Release|Any CPU.ActiveCfg = Release|Any CPU
		{2474F971-3E1D-4608-9D60-B0A9A1CA8D13}.Release|Any CPU.Build.0 = Release|Any CPU
		{092618E1-1F37-422C-82AF-17A1337B8986}.Debug|Any CPU.ActiveCfg = Debug|Any CPU
		{092618E1-1F37-422C-82AF-17A1337B8986}.Debug|Any CPU.Build.0 = Debug|Any CPU
		{092618E1-1F37-422C-82AF-17A1337B8986}.Release|Any CPU.ActiveCfg = Release|Any CPU
		{092618E1-1F37-422C-82AF-17A1337B8986}.Release|Any CPU.Build.0 = Release|Any CPU
		{C861A890-E6A4-449F-BBF5-9F323E08C795}.Debug|Any CPU.ActiveCfg = Debug|Any CPU
		{C861A890-E6A4-449F-BBF5-9F323E08C795}.Debug|Any CPU.Build.0 = Debug|Any CPU
		{C861A890-E6A4-449F-BBF5-9F323E08C795}.Release|Any CPU.ActiveCfg = Release|Any CPU
		{C861A890-E6A4-449F-BBF5-9F323E08C795}.Release|Any CPU.Build.0 = Release|Any CPU
		{15F23E0D-95B7-48F3-BF27-E56E39E16E55}.Debug|Any CPU.ActiveCfg = Debug|Any CPU
		{15F23E0D-95B7-48F3-BF27-E56E39E16E55}.Debug|Any CPU.Build.0 = Debug|Any CPU
		{15F23E0D-95B7-48F3-BF27-E56E39E16E55}.Release|Any CPU.ActiveCfg = Release|Any CPU
		{15F23E0D-95B7-48F3-BF27-E56E39E16E55}.Release|Any CPU.Build.0 = Release|Any CPU
		{B4A97187-E5B0-4C6F-9DBD-D8BC7BE626E1}.Debug|Any CPU.ActiveCfg = Debug|Any CPU
		{B4A97187-E5B0-4C6F-9DBD-D8BC7BE626E1}.Debug|Any CPU.Build.0 = Debug|Any CPU
		{B4A97187-E5B0-4C6F-9DBD-D8BC7BE626E1}.Release|Any CPU.ActiveCfg = Release|Any CPU
		{B4A97187-E5B0-4C6F-9DBD-D8BC7BE626E1}.Release|Any CPU.Build.0 = Release|Any CPU
	EndGlobalSection
	GlobalSection(SolutionProperties) = preSolution
		HideSolutionNode = FALSE
	EndGlobalSection
	GlobalSection(NestedProjects) = preSolution
		{092618E1-1F37-422C-82AF-17A1337B8986} = {10443DE8-C067-4F31-BCE1-F1210C78DB70}
		{2474F971-3E1D-4608-9D60-B0A9A1CA8D13} = {10443DE8-C067-4F31-BCE1-F1210C78DB70}
	EndGlobalSection
EndGlobal
