
Microsoft Visual Studio Solution File, Format Version 11.00
# Visual Studio 2010
Project("{2150E333-8FDC-42A3-9474-1A3956D46DE8}") = "Core", "Core", "{A45F2732-725B-44C4-B2D3-15A048E00D9C}"
EndProject
Project("{FAE04EC0-301F-11D3-BF4B-00C04F79EFBC}") = "Atlantis.Framework.Engine", "..\Atlantis.Framework.Engine\Atlantis.Framework.Engine\Atlantis.Framework.Engine.csproj", "{092618E1-1F37-422C-82AF-17A1337B8986}"
EndProject
Project("{FAE04EC0-301F-11D3-BF4B-00C04F79EFBC}") = "Atlantis.Framework.Interface", "..\Atlantis.Framework.Engine\Atlantis.Framework.Interface\Atlantis.Framework.Interface.csproj", "{29E7CCC1-0F54-45F9-8492-62145046C625}"
EndProject
Project("{FAE04EC0-301F-11D3-BF4B-00C04F79EFBC}") = "Atlantis.Framework.EcommCurrenciesForPaymentType.Interface", "Atlantis.Framework.EcommCurrenciesForPaymentType.Interface\Atlantis.Framework.EcommCurrenciesForPaymentType.Interface.csproj", "{7BD565F6-1978-48FA-BBE4-CAA6637AD3F4}"
EndProject
Project("{FAE04EC0-301F-11D3-BF4B-00C04F79EFBC}") = "Atlantis.Framework.EcommCurrenciesForPaymentType.Impl", "Atlantis.Framework.EcommCurrenciesForPaymentType.Impl\Atlantis.Framework.EcommCurrenciesForPaymentType.Impl.csproj", "{C79DC102-6884-4C71-8DCE-1ADBBD8DA84C}"
EndProject
Project("{FAE04EC0-301F-11D3-BF4B-00C04F79EFBC}") = "Atlantis.Framework.EcommCurrenciesForPaymentType.Tests", "Atlantis.Framework.EcommCurrenciesForPaymentType.Tests\Atlantis.Framework.EcommCurrenciesForPaymentType.Tests.csproj", "{7830D93E-A6E1-4340-9CB9-D7F90E266157}"
EndProject
Project("{2150E333-8FDC-42A3-9474-1A3956D46DE8}") = "Solution Items", "Solution Items", "{5D9842CB-9AB7-45DD-9011-8230BC00E413}"
	ProjectSection(SolutionItems) = preProject
		Atlantis.Framework.EcommCurrenciesForPaymentType.vsmdi = Atlantis.Framework.EcommCurrenciesForPaymentType.vsmdi
		Local.testsettings = Local.testsettings
		TraceAndTestImpact.testsettings = TraceAndTestImpact.testsettings
	EndProjectSection
EndProject
Global
	GlobalSection(TeamFoundationVersionControl) = preSolution
		SccNumberOfProjects = 6
		SccEnterpriseProvider = {4CA58AB2-18FA-4F8D-95D4-32DDF27D184C}
		SccTeamFoundationServer = http://tfs2010:8080/tfs/gd
		SccLocalPath0 = .
		SccProjectUniqueName1 = ..\\Atlantis.Framework.Engine\\Atlantis.Framework.Engine\\Atlantis.Framework.Engine.csproj
		SccProjectTopLevelParentUniqueName1 = Atlantis.Framework.EcommCurrenciesForPaymentType.sln
		SccProjectName1 = ../Atlantis.Framework.Engine/Atlantis.Framework.Engine
		SccLocalPath1 = ..\\Atlantis.Framework.Engine\\Atlantis.Framework.Engine
		SccProjectUniqueName2 = ..\\Atlantis.Framework.Engine\\Atlantis.Framework.Interface\\Atlantis.Framework.Interface.csproj
		SccProjectTopLevelParentUniqueName2 = Atlantis.Framework.EcommCurrenciesForPaymentType.sln
		SccProjectName2 = ../Atlantis.Framework.Engine/Atlantis.Framework.Interface
		SccLocalPath2 = ..\\Atlantis.Framework.Engine\\Atlantis.Framework.Interface
		SccProjectUniqueName3 = Atlantis.Framework.EcommCurrenciesForPaymentType.Interface\\Atlantis.Framework.EcommCurrenciesForPaymentType.Interface.csproj
		SccProjectName3 = Atlantis.Framework.EcommCurrenciesForPaymentType.Interface
		SccLocalPath3 = Atlantis.Framework.EcommCurrenciesForPaymentType.Interface
		SccProjectUniqueName4 = Atlantis.Framework.EcommCurrenciesForPaymentType.Impl\\Atlantis.Framework.EcommCurrenciesForPaymentType.Impl.csproj
		SccProjectName4 = Atlantis.Framework.EcommCurrenciesForPaymentType.Impl
		SccLocalPath4 = Atlantis.Framework.EcommCurrenciesForPaymentType.Impl
		SccProjectUniqueName5 = Atlantis.Framework.EcommCurrenciesForPaymentType.Tests\\Atlantis.Framework.EcommCurrenciesForPaymentType.Tests.csproj
		SccProjectName5 = Atlantis.Framework.EcommCurrenciesForPaymentType.Tests
		SccLocalPath5 = Atlantis.Framework.EcommCurrenciesForPaymentType.Tests
	EndGlobalSection
	GlobalSection(TestCaseManagementSettings) = postSolution
		CategoryFile = Atlantis.Framework.EcommCurrenciesForPaymentType.vsmdi
	EndGlobalSection
	GlobalSection(SolutionConfigurationPlatforms) = preSolution
		Debug|Any CPU = Debug|Any CPU
		Release|Any CPU = Release|Any CPU
	EndGlobalSection
	GlobalSection(ProjectConfigurationPlatforms) = postSolution
		{092618E1-1F37-422C-82AF-17A1337B8986}.Debug|Any CPU.ActiveCfg = Debug|Any CPU
		{092618E1-1F37-422C-82AF-17A1337B8986}.Debug|Any CPU.Build.0 = Debug|Any CPU
		{092618E1-1F37-422C-82AF-17A1337B8986}.Release|Any CPU.ActiveCfg = Release|Any CPU
		{092618E1-1F37-422C-82AF-17A1337B8986}.Release|Any CPU.Build.0 = Release|Any CPU
		{29E7CCC1-0F54-45F9-8492-62145046C625}.Debug|Any CPU.ActiveCfg = Debug|Any CPU
		{29E7CCC1-0F54-45F9-8492-62145046C625}.Debug|Any CPU.Build.0 = Debug|Any CPU
		{29E7CCC1-0F54-45F9-8492-62145046C625}.Release|Any CPU.ActiveCfg = Release|Any CPU
		{29E7CCC1-0F54-45F9-8492-62145046C625}.Release|Any CPU.Build.0 = Release|Any CPU
		{7BD565F6-1978-48FA-BBE4-CAA6637AD3F4}.Debug|Any CPU.ActiveCfg = Debug|Any CPU
		{7BD565F6-1978-48FA-BBE4-CAA6637AD3F4}.Debug|Any CPU.Build.0 = Debug|Any CPU
		{7BD565F6-1978-48FA-BBE4-CAA6637AD3F4}.Release|Any CPU.ActiveCfg = Release|Any CPU
		{7BD565F6-1978-48FA-BBE4-CAA6637AD3F4}.Release|Any CPU.Build.0 = Release|Any CPU
		{C79DC102-6884-4C71-8DCE-1ADBBD8DA84C}.Debug|Any CPU.ActiveCfg = Debug|Any CPU
		{C79DC102-6884-4C71-8DCE-1ADBBD8DA84C}.Debug|Any CPU.Build.0 = Debug|Any CPU
		{C79DC102-6884-4C71-8DCE-1ADBBD8DA84C}.Release|Any CPU.ActiveCfg = Release|Any CPU
		{C79DC102-6884-4C71-8DCE-1ADBBD8DA84C}.Release|Any CPU.Build.0 = Release|Any CPU
		{7830D93E-A6E1-4340-9CB9-D7F90E266157}.Debug|Any CPU.ActiveCfg = Debug|Any CPU
		{7830D93E-A6E1-4340-9CB9-D7F90E266157}.Debug|Any CPU.Build.0 = Debug|Any CPU
		{7830D93E-A6E1-4340-9CB9-D7F90E266157}.Release|Any CPU.ActiveCfg = Release|Any CPU
		{7830D93E-A6E1-4340-9CB9-D7F90E266157}.Release|Any CPU.Build.0 = Release|Any CPU
	EndGlobalSection
	GlobalSection(SolutionProperties) = preSolution
		HideSolutionNode = FALSE
	EndGlobalSection
	GlobalSection(NestedProjects) = preSolution
		{092618E1-1F37-422C-82AF-17A1337B8986} = {A45F2732-725B-44C4-B2D3-15A048E00D9C}
		{29E7CCC1-0F54-45F9-8492-62145046C625} = {A45F2732-725B-44C4-B2D3-15A048E00D9C}
	EndGlobalSection
EndGlobal
