
Microsoft Visual Studio Solution File, Format Version 11.00
# Visual Studio 2010
Project("{2150E333-8FDC-42A3-9474-1A3956D46DE8}") = "Solution Items", "Solution Items", "{81DD582E-1647-4224-A0FB-35842F323859}"
	ProjectSection(SolutionItems) = preProject
		Atlantis.Framework.TrafficPageEvent.vsmdi = Atlantis.Framework.TrafficPageEvent.vsmdi
		LocalTestRun.testrunconfig = LocalTestRun.testrunconfig
	EndProjectSection
EndProject
Project("{FAE04EC0-301F-11D3-BF4B-00C04F79EFBC}") = "Atlantis.Framework.Engine", "..\Atlantis.Framework.Engine\Atlantis.Framework.Engine\Atlantis.Framework.Engine.csproj", "{092618E1-1F37-422C-82AF-17A1337B8986}"
EndProject
Project("{FAE04EC0-301F-11D3-BF4B-00C04F79EFBC}") = "Atlantis.Framework.Interface", "..\Atlantis.Framework.Engine\Atlantis.Framework.Interface\Atlantis.Framework.Interface.csproj", "{2474F971-3E1D-4608-9D60-B0A9A1CA8D13}"
EndProject
Project("{FAE04EC0-301F-11D3-BF4B-00C04F79EFBC}") = "Atlantis.Framework.TrafficPageEvent.Impl", "Atlantis.Framework.TrafficPageEvent.Impl\Atlantis.Framework.TrafficPageEvent.Impl.csproj", "{B627432C-6E5C-42D2-A1D0-94142AE36531}"
EndProject
Project("{FAE04EC0-301F-11D3-BF4B-00C04F79EFBC}") = "Atlantis.Framework.TrafficPageEvent.Interface", "Atlantis.Framework.TrafficPageEvent.Interface\Atlantis.Framework.TrafficPageEvent.Interface.csproj", "{78AA7B1B-3066-44CB-B430-5FA624BF8648}"
EndProject
Project("{FAE04EC0-301F-11D3-BF4B-00C04F79EFBC}") = "Atlantis.Framework.TrafficPageEvent.Tests", "Atlantis.Framework.TrafficPageEvent.Tests\Atlantis.Framework.TrafficPageEvent.Tests.csproj", "{7BD0C461-BE06-4484-A965-8D1D3BCA0993}"
EndProject
Project("{2150E333-8FDC-42A3-9474-1A3956D46DE8}") = "Core", "Core", "{F387C455-11A4-479D-A894-077E7E8B8F56}"
EndProject
Global
	GlobalSection(TeamFoundationVersionControl) = preSolution
		SccNumberOfProjects = 6
		SccEnterpriseProvider = {4CA58AB2-18FA-4F8D-95D4-32DDF27D184C}
		SccTeamFoundationServer = http://tfs:8080/
		SccLocalPath0 = .
		SccProjectUniqueName1 = ..\\Atlantis.Framework.Engine\\Atlantis.Framework.Engine\\Atlantis.Framework.Engine.csproj
		SccProjectTopLevelParentUniqueName1 = Atlantis.Framework.TrafficPageEvent.sln
		SccProjectName1 = ../Atlantis.Framework.Engine/Atlantis.Framework.Engine
		SccLocalPath1 = ..\\Atlantis.Framework.Engine\\Atlantis.Framework.Engine
		SccProjectUniqueName2 = ..\\Atlantis.Framework.Engine\\Atlantis.Framework.Interface\\Atlantis.Framework.Interface.csproj
		SccProjectTopLevelParentUniqueName2 = Atlantis.Framework.TrafficPageEvent.sln
		SccProjectName2 = ../Atlantis.Framework.Engine/Atlantis.Framework.Interface
		SccLocalPath2 = ..\\Atlantis.Framework.Engine\\Atlantis.Framework.Interface
		SccProjectUniqueName3 = Atlantis.Framework.TrafficPageEvent.Impl\\Atlantis.Framework.TrafficPageEvent.Impl.csproj
		SccProjectName3 = Atlantis.Framework.TrafficPageEvent.Impl
		SccLocalPath3 = Atlantis.Framework.TrafficPageEvent.Impl
		SccProjectUniqueName4 = Atlantis.Framework.TrafficPageEvent.Interface\\Atlantis.Framework.TrafficPageEvent.Interface.csproj
		SccProjectName4 = Atlantis.Framework.TrafficPageEvent.Interface
		SccLocalPath4 = Atlantis.Framework.TrafficPageEvent.Interface
		SccProjectUniqueName5 = Atlantis.Framework.TrafficPageEvent.Tests\\Atlantis.Framework.TrafficPageEvent.Tests.csproj
		SccProjectName5 = Atlantis.Framework.TrafficPageEvent.Tests
		SccLocalPath5 = Atlantis.Framework.TrafficPageEvent.Tests
	EndGlobalSection
	GlobalSection(TestCaseManagementSettings) = postSolution
		CategoryFile = Atlantis.Framework.TrafficPageEvent.vsmdi
	EndGlobalSection
	GlobalSection(SolutionConfigurationPlatforms) = preSolution
		Debug|Any CPU = Debug|Any CPU
		Release|Any CPU = Release|Any CPU
	EndGlobalSection
	GlobalSection(ProjectConfigurationPlatforms) = postSolution
		{092618E1-1F37-422C-82AF-17A1337B8986}.Debug|Any CPU.ActiveCfg = Debug|Any CPU
		{092618E1-1F37-422C-82AF-17A1337B8986}.Debug|Any CPU.Build.0 = Debug|Any CPU
		{092618E1-1F37-422C-82AF-17A1337B8986}.Release|Any CPU.ActiveCfg = Release|Any CPU
		{092618E1-1F37-422C-82AF-17A1337B8986}.Release|Any CPU.Build.0 = Release|Any CPU
		{2474F971-3E1D-4608-9D60-B0A9A1CA8D13}.Debug|Any CPU.ActiveCfg = Debug|Any CPU
		{2474F971-3E1D-4608-9D60-B0A9A1CA8D13}.Debug|Any CPU.Build.0 = Debug|Any CPU
		{2474F971-3E1D-4608-9D60-B0A9A1CA8D13}.Release|Any CPU.ActiveCfg = Release|Any CPU
		{2474F971-3E1D-4608-9D60-B0A9A1CA8D13}.Release|Any CPU.Build.0 = Release|Any CPU
		{B627432C-6E5C-42D2-A1D0-94142AE36531}.Debug|Any CPU.ActiveCfg = Debug|Any CPU
		{B627432C-6E5C-42D2-A1D0-94142AE36531}.Debug|Any CPU.Build.0 = Debug|Any CPU
		{B627432C-6E5C-42D2-A1D0-94142AE36531}.Release|Any CPU.ActiveCfg = Release|Any CPU
		{B627432C-6E5C-42D2-A1D0-94142AE36531}.Release|Any CPU.Build.0 = Release|Any CPU
		{78AA7B1B-3066-44CB-B430-5FA624BF8648}.Debug|Any CPU.ActiveCfg = Debug|Any CPU
		{78AA7B1B-3066-44CB-B430-5FA624BF8648}.Debug|Any CPU.Build.0 = Debug|Any CPU
		{78AA7B1B-3066-44CB-B430-5FA624BF8648}.Release|Any CPU.ActiveCfg = Release|Any CPU
		{78AA7B1B-3066-44CB-B430-5FA624BF8648}.Release|Any CPU.Build.0 = Release|Any CPU
		{7BD0C461-BE06-4484-A965-8D1D3BCA0993}.Debug|Any CPU.ActiveCfg = Debug|Any CPU
		{7BD0C461-BE06-4484-A965-8D1D3BCA0993}.Debug|Any CPU.Build.0 = Debug|Any CPU
		{7BD0C461-BE06-4484-A965-8D1D3BCA0993}.Release|Any CPU.ActiveCfg = Release|Any CPU
		{7BD0C461-BE06-4484-A965-8D1D3BCA0993}.Release|Any CPU.Build.0 = Release|Any CPU
	EndGlobalSection
	GlobalSection(SolutionProperties) = preSolution
		HideSolutionNode = FALSE
	EndGlobalSection
	GlobalSection(NestedProjects) = preSolution
		{092618E1-1F37-422C-82AF-17A1337B8986} = {F387C455-11A4-479D-A894-077E7E8B8F56}
		{2474F971-3E1D-4608-9D60-B0A9A1CA8D13} = {F387C455-11A4-479D-A894-077E7E8B8F56}
	EndGlobalSection
EndGlobal
