
Microsoft Visual Studio Solution File, Format Version 11.00
# Visual Studio 2010
Project("{2150E333-8FDC-42A3-9474-1A3956D46DE8}") = "Core", "Core", "{BA090AE0-CA5B-414C-81A1-D0088C13245D}"
EndProject
Project("{FAE04EC0-301F-11D3-BF4B-00C04F79EFBC}") = "Atlantis.Framework.HCCChangeDomain.Impl", "Atlantis.Framework.HCCChangeDomain.Impl\Atlantis.Framework.HCCChangeDomain.Impl.csproj", "{F7D8C5BA-F255-4796-B4A2-130BB397AE7E}"
EndProject
Project("{FAE04EC0-301F-11D3-BF4B-00C04F79EFBC}") = "Atlantis.Framework.HCCChangeDomain.Interface", "Atlantis.Framework.HCCChangeDomain.Interface\Atlantis.Framework.HCCChangeDomain.Interface.csproj", "{36CE9A47-9D3A-4E14-B900-E879C9D7FDC7}"
EndProject
Project("{FAE04EC0-301F-11D3-BF4B-00C04F79EFBC}") = "Atlantis.Framework.HCCChangeDomain.Test", "Atlantis.Framework.HCCChangeDomain.Test\Atlantis.Framework.HCCChangeDomain.Test.csproj", "{23A25043-22FB-40D5-B508-7CA01E196EBF}"
EndProject
Project("{FAE04EC0-301F-11D3-BF4B-00C04F79EFBC}") = "Atlantis.Framework.Engine", "..\Atlantis.Framework.Engine\Atlantis.Framework.Engine\Atlantis.Framework.Engine.csproj", "{092618E1-1F37-422C-82AF-17A1337B8986}"
EndProject
Project("{FAE04EC0-301F-11D3-BF4B-00C04F79EFBC}") = "Atlantis.Framework.Interface", "..\Atlantis.Framework.Engine\Atlantis.Framework.Interface\Atlantis.Framework.Interface.csproj", "{2474F971-3E1D-4608-9D60-B0A9A1CA8D13}"
EndProject
Project("{FAE04EC0-301F-11D3-BF4B-00C04F79EFBC}") = "Atlantis.Framework.HCC.Interface", "..\Atlantis.Framework.HCC.Interface\Atlantis.Framework.HCC.Interface.csproj", "{EDAF9BF3-0605-4F44-95EF-D44254EE962B}"
EndProject
Global
	GlobalSection(TeamFoundationVersionControl) = preSolution
		SccNumberOfProjects = 7
		SccEnterpriseProvider = {4CA58AB2-18FA-4F8D-95D4-32DDF27D184C}
		SccTeamFoundationServer = http://tfs:8080/
		SccProjectUniqueName0 = ..\\Atlantis.Framework.Engine\\Atlantis.Framework.Engine\\Atlantis.Framework.Engine.csproj
		SccProjectTopLevelParentUniqueName0 = ..\\Atlantis.Framework.HCCChangeDomain.sln
		SccProjectName0 = ../Atlantis.Framework.Engine/Atlantis.Framework.Engine
		SccLocalPath0 = ..\\Atlantis.Framework.Engine\\Atlantis.Framework.Engine
		SccProjectUniqueName1 = ..\\Atlantis.Framework.Engine\\Atlantis.Framework.Interface\\Atlantis.Framework.Interface.csproj
		SccProjectTopLevelParentUniqueName1 = ..\\Atlantis.Framework.HCCChangeDomain.sln
		SccProjectName1 = ../Atlantis.Framework.Engine/Atlantis.Framework.Interface
		SccLocalPath1 = ..\\Atlantis.Framework.Engine\\Atlantis.Framework.Interface
		SccProjectUniqueName2 = ..\\Atlantis.Framework.HCC.Interface\\Atlantis.Framework.HCC.Interface.csproj
		SccProjectTopLevelParentUniqueName2 = ..\\Atlantis.Framework.HCCChangeDomain.sln
		SccProjectName2 = ../Atlantis.Framework.HCC.Interface
		SccLocalPath2 = ..\\Atlantis.Framework.HCC.Interface
		SccLocalPath3 = .
		SccProjectUniqueName4 = Atlantis.Framework.HCCChangeDomain.Impl\\Atlantis.Framework.HCCChangeDomain.Impl.csproj
		SccProjectName4 = Atlantis.Framework.HCCChangeDomain.Impl
		SccLocalPath4 = Atlantis.Framework.HCCChangeDomain.Impl
		SccProjectUniqueName5 = Atlantis.Framework.HCCChangeDomain.Interface\\Atlantis.Framework.HCCChangeDomain.Interface.csproj
		SccProjectName5 = Atlantis.Framework.HCCChangeDomain.Interface
		SccLocalPath5 = Atlantis.Framework.HCCChangeDomain.Interface
		SccProjectUniqueName6 = Atlantis.Framework.HCCChangeDomain.Test\\Atlantis.Framework.HCCChangeDomain.Test.csproj
		SccProjectName6 = Atlantis.Framework.HCCChangeDomain.Test
		SccLocalPath6 = Atlantis.Framework.HCCChangeDomain.Test
	EndGlobalSection
	GlobalSection(SolutionConfigurationPlatforms) = preSolution
		Debug|Any CPU = Debug|Any CPU
		Release|Any CPU = Release|Any CPU
	EndGlobalSection
	GlobalSection(ProjectConfigurationPlatforms) = postSolution
		{F7D8C5BA-F255-4796-B4A2-130BB397AE7E}.Debug|Any CPU.ActiveCfg = Debug|Any CPU
		{F7D8C5BA-F255-4796-B4A2-130BB397AE7E}.Debug|Any CPU.Build.0 = Debug|Any CPU
		{F7D8C5BA-F255-4796-B4A2-130BB397AE7E}.Release|Any CPU.ActiveCfg = Release|Any CPU
		{F7D8C5BA-F255-4796-B4A2-130BB397AE7E}.Release|Any CPU.Build.0 = Release|Any CPU
		{36CE9A47-9D3A-4E14-B900-E879C9D7FDC7}.Debug|Any CPU.ActiveCfg = Debug|Any CPU
		{36CE9A47-9D3A-4E14-B900-E879C9D7FDC7}.Debug|Any CPU.Build.0 = Debug|Any CPU
		{36CE9A47-9D3A-4E14-B900-E879C9D7FDC7}.Release|Any CPU.ActiveCfg = Release|Any CPU
		{36CE9A47-9D3A-4E14-B900-E879C9D7FDC7}.Release|Any CPU.Build.0 = Release|Any CPU
		{23A25043-22FB-40D5-B508-7CA01E196EBF}.Debug|Any CPU.ActiveCfg = Debug|Any CPU
		{23A25043-22FB-40D5-B508-7CA01E196EBF}.Debug|Any CPU.Build.0 = Debug|Any CPU
		{23A25043-22FB-40D5-B508-7CA01E196EBF}.Release|Any CPU.ActiveCfg = Release|Any CPU
		{23A25043-22FB-40D5-B508-7CA01E196EBF}.Release|Any CPU.Build.0 = Release|Any CPU
		{092618E1-1F37-422C-82AF-17A1337B8986}.Debug|Any CPU.ActiveCfg = Debug|Any CPU
		{092618E1-1F37-422C-82AF-17A1337B8986}.Debug|Any CPU.Build.0 = Debug|Any CPU
		{092618E1-1F37-422C-82AF-17A1337B8986}.Release|Any CPU.ActiveCfg = Release|Any CPU
		{092618E1-1F37-422C-82AF-17A1337B8986}.Release|Any CPU.Build.0 = Release|Any CPU
		{2474F971-3E1D-4608-9D60-B0A9A1CA8D13}.Debug|Any CPU.ActiveCfg = Debug|Any CPU
		{2474F971-3E1D-4608-9D60-B0A9A1CA8D13}.Debug|Any CPU.Build.0 = Debug|Any CPU
		{2474F971-3E1D-4608-9D60-B0A9A1CA8D13}.Release|Any CPU.ActiveCfg = Release|Any CPU
		{2474F971-3E1D-4608-9D60-B0A9A1CA8D13}.Release|Any CPU.Build.0 = Release|Any CPU
		{EDAF9BF3-0605-4F44-95EF-D44254EE962B}.Debug|Any CPU.ActiveCfg = Debug|Any CPU
		{EDAF9BF3-0605-4F44-95EF-D44254EE962B}.Debug|Any CPU.Build.0 = Debug|Any CPU
		{EDAF9BF3-0605-4F44-95EF-D44254EE962B}.Release|Any CPU.ActiveCfg = Release|Any CPU
		{EDAF9BF3-0605-4F44-95EF-D44254EE962B}.Release|Any CPU.Build.0 = Release|Any CPU
	EndGlobalSection
	GlobalSection(SolutionProperties) = preSolution
		HideSolutionNode = FALSE
	EndGlobalSection
	GlobalSection(NestedProjects) = preSolution
		{092618E1-1F37-422C-82AF-17A1337B8986} = {BA090AE0-CA5B-414C-81A1-D0088C13245D}
		{2474F971-3E1D-4608-9D60-B0A9A1CA8D13} = {BA090AE0-CA5B-414C-81A1-D0088C13245D}
		{EDAF9BF3-0605-4F44-95EF-D44254EE962B} = {BA090AE0-CA5B-414C-81A1-D0088C13245D}
	EndGlobalSection
EndGlobal
