
Microsoft Visual Studio Solution File, Format Version 12.00
# Visual Studio 2012
Project("{FAE04EC0-301F-11D3-BF4B-00C04F79EFBC}") = "Atlantis.Framework.Providers.DataCenter", "Atlantis.Framework.Providers.DataCenter\Atlantis.Framework.Providers.DataCenter.csproj", "{F1F34FF0-5509-472A-A2DD-40A98F596190}"
EndProject
Project("{FAE04EC0-301F-11D3-BF4B-00C04F79EFBC}") = "Atlantis.Framework.Providers.DataCenter.Interface", "Atlantis.Framework.Providers.DataCenter.Interface\Atlantis.Framework.Providers.DataCenter.Interface.csproj", "{9745A0DB-82D2-47B9-BC80-9FAABD2494C4}"
EndProject
Project("{FAE04EC0-301F-11D3-BF4B-00C04F79EFBC}") = "Atlantis.Framework.Providers.DataCenter.Tests", "Atlantis.Framework.Providers.DataCenter.Tests\Atlantis.Framework.Providers.DataCenter.Tests.csproj", "{104C7BB5-809F-4662-B7C0-E0A6EC20A0E0}"
EndProject
Global
	GlobalSection(TeamFoundationVersionControl) = preSolution
		SccNumberOfProjects = 4
		SccEnterpriseProvider = {4CA58AB2-18FA-4F8D-95D4-32DDF27D184C}
		SccTeamFoundationServer = http://tfs2010:8080/tfs/gd
		SccLocalPath0 = .
		SccProjectUniqueName1 = Atlantis.Framework.Providers.DataCenter.Interface\\Atlantis.Framework.Providers.DataCenter.Interface.csproj
		SccProjectName1 = Atlantis.Framework.Providers.DataCenter.Interface
		SccLocalPath1 = Atlantis.Framework.Providers.DataCenter.Interface
		SccProjectUniqueName2 = Atlantis.Framework.Providers.DataCenter\\Atlantis.Framework.Providers.DataCenter.csproj
		SccProjectName2 = Atlantis.Framework.Providers.DataCenter
		SccLocalPath2 = Atlantis.Framework.Providers.DataCenter
		SccProjectUniqueName3 = Atlantis.Framework.Providers.DataCenter.Tests\\Atlantis.Framework.Providers.DataCenter.Tests.csproj
		SccProjectName3 = Atlantis.Framework.Providers.DataCenter.Tests
		SccLocalPath3 = Atlantis.Framework.Providers.DataCenter.Tests
	EndGlobalSection
	GlobalSection(SolutionConfigurationPlatforms) = preSolution
		Debug|Any CPU = Debug|Any CPU
		Release|Any CPU = Release|Any CPU
	EndGlobalSection
	GlobalSection(ProjectConfigurationPlatforms) = postSolution
		{F1F34FF0-5509-472A-A2DD-40A98F596190}.Debug|Any CPU.ActiveCfg = Debug|Any CPU
		{F1F34FF0-5509-472A-A2DD-40A98F596190}.Debug|Any CPU.Build.0 = Debug|Any CPU
		{F1F34FF0-5509-472A-A2DD-40A98F596190}.Release|Any CPU.ActiveCfg = Release|Any CPU
		{F1F34FF0-5509-472A-A2DD-40A98F596190}.Release|Any CPU.Build.0 = Release|Any CPU
		{9745A0DB-82D2-47B9-BC80-9FAABD2494C4}.Debug|Any CPU.ActiveCfg = Debug|Any CPU
		{9745A0DB-82D2-47B9-BC80-9FAABD2494C4}.Debug|Any CPU.Build.0 = Debug|Any CPU
		{9745A0DB-82D2-47B9-BC80-9FAABD2494C4}.Release|Any CPU.ActiveCfg = Release|Any CPU
		{9745A0DB-82D2-47B9-BC80-9FAABD2494C4}.Release|Any CPU.Build.0 = Release|Any CPU
		{104C7BB5-809F-4662-B7C0-E0A6EC20A0E0}.Debug|Any CPU.ActiveCfg = Debug|Any CPU
		{104C7BB5-809F-4662-B7C0-E0A6EC20A0E0}.Debug|Any CPU.Build.0 = Debug|Any CPU
		{104C7BB5-809F-4662-B7C0-E0A6EC20A0E0}.Release|Any CPU.ActiveCfg = Release|Any CPU
		{104C7BB5-809F-4662-B7C0-E0A6EC20A0E0}.Release|Any CPU.Build.0 = Release|Any CPU
	EndGlobalSection
	GlobalSection(SolutionProperties) = preSolution
		HideSolutionNode = FALSE
	EndGlobalSection
EndGlobal
