
Microsoft Visual Studio Solution File, Format Version 10.00
# Visual Studio 2008
Project("{FAE04EC0-301F-11D3-BF4B-00C04F79EFBC}") = "Atlantis.Framework.GetNetGiroMerchantData.Interface", "Atlantis.Framework.GetNetGiroMerchantData.Interface.csproj", "{2FB3F435-B6CA-4454-9174-6FC82FD175EE}"
EndProject
Global
	GlobalSection(SolutionConfigurationPlatforms) = preSolution
		Debug|Any CPU = Debug|Any CPU
		Release|Any CPU = Release|Any CPU
	EndGlobalSection
	GlobalSection(ProjectConfigurationPlatforms) = postSolution
		{2FB3F435-B6CA-4454-9174-6FC82FD175EE}.Debug|Any CPU.ActiveCfg = Debug|Any CPU
		{2FB3F435-B6CA-4454-9174-6FC82FD175EE}.Debug|Any CPU.Build.0 = Debug|Any CPU
		{2FB3F435-B6CA-4454-9174-6FC82FD175EE}.Release|Any CPU.ActiveCfg = Release|Any CPU
		{2FB3F435-B6CA-4454-9174-6FC82FD175EE}.Release|Any CPU.Build.0 = Release|Any CPU
	EndGlobalSection
	GlobalSection(SolutionProperties) = preSolution
		HideSolutionNode = FALSE
	EndGlobalSection
EndGlobal
