
Microsoft Visual Studio Solution File, Format Version 11.00
# Visual Studio 2010
Project("{2150E333-8FDC-42A3-9474-1A3956D46DE8}") = "Solution Items", "Solution Items", "{1EE3715A-D093-4E8F-957F-84CEDFB8C870}"
	ProjectSection(SolutionItems) = preProject
		Atlantis.Framework.DomainCheckGA.vsmdi = Atlantis.Framework.DomainCheckGA.vsmdi
		LocalTestRun.testrunconfig = LocalTestRun.testrunconfig
	EndProjectSection
EndProject
Project("{FAE04EC0-301F-11D3-BF4B-00C04F79EFBC}") = "Atlantis.Framework.Engine", "..\Atlantis.Framework.Engine\Atlantis.Framework.Engine\Atlantis.Framework.Engine.csproj", "{092618E1-1F37-422C-82AF-17A1337B8986}"
EndProject
Project("{FAE04EC0-301F-11D3-BF4B-00C04F79EFBC}") = "Atlantis.Framework.Interface", "..\Atlantis.Framework.Engine\Atlantis.Framework.Interface\Atlantis.Framework.Interface.csproj", "{2474F971-3E1D-4608-9D60-B0A9A1CA8D13}"
EndProject
Project("{FAE04EC0-301F-11D3-BF4B-00C04F79EFBC}") = "Atlantis.Framework.DomainCheckGA.Interface", "Atlantis.Framework.DomainCheckGA.Interface\Atlantis.Framework.DomainCheckGA.Interface.csproj", "{FE91E466-A702-41DA-A3A4-BCDB5320BEA8}"
EndProject
Project("{FAE04EC0-301F-11D3-BF4B-00C04F79EFBC}") = "Atlantis.Framework.DomainCheckGA.Impl", "Atlantis.Framework.DomainCheckGA.Impl\Atlantis.Framework.DomainCheckGA.Impl.csproj", "{242DC9AD-D056-476F-9117-8BEF7C93E697}"
EndProject
Project("{FAE04EC0-301F-11D3-BF4B-00C04F79EFBC}") = "Atlantis.Framework.DomainCheckGA.Tests", "Atlantis.Framework.DomainCheckGATests\Atlantis.Framework.DomainCheckGA.Tests.csproj", "{BBA67B50-0375-4D7D-A459-101463CC4E16}"
EndProject
Project("{2150E333-8FDC-42A3-9474-1A3956D46DE8}") = "Core", "Core", "{F861027A-C104-4CE1-A59D-05135F9CD6C4}"
EndProject
Global
	GlobalSection(TeamFoundationVersionControl) = preSolution
		SccNumberOfProjects = 6
		SccEnterpriseProvider = {4CA58AB2-18FA-4F8D-95D4-32DDF27D184C}
		SccTeamFoundationServer = http://tfs:8080/
		SccLocalPath0 = .
		SccProjectUniqueName1 = ..\\Atlantis.Framework.Engine\\Atlantis.Framework.Engine\\Atlantis.Framework.Engine.csproj
		SccProjectTopLevelParentUniqueName1 = Atlantis.Framework.DomainCheckGA.sln
		SccProjectName1 = ../Atlantis.Framework.Engine/Atlantis.Framework.Engine
		SccLocalPath1 = ..\\Atlantis.Framework.Engine\\Atlantis.Framework.Engine
		SccProjectUniqueName2 = ..\\Atlantis.Framework.Engine\\Atlantis.Framework.Interface\\Atlantis.Framework.Interface.csproj
		SccProjectTopLevelParentUniqueName2 = Atlantis.Framework.DomainCheckGA.sln
		SccProjectName2 = ../Atlantis.Framework.Engine/Atlantis.Framework.Interface
		SccLocalPath2 = ..\\Atlantis.Framework.Engine\\Atlantis.Framework.Interface
		SccProjectUniqueName3 = Atlantis.Framework.DomainCheckGA.Interface\\Atlantis.Framework.DomainCheckGA.Interface.csproj
		SccProjectName3 = Atlantis.Framework.DomainCheckGA.Interface
		SccLocalPath3 = Atlantis.Framework.DomainCheckGA.Interface
		SccProjectUniqueName4 = Atlantis.Framework.DomainCheckGA.Impl\\Atlantis.Framework.DomainCheckGA.Impl.csproj
		SccProjectName4 = Atlantis.Framework.DomainCheckGA.Impl
		SccLocalPath4 = Atlantis.Framework.DomainCheckGA.Impl
		SccProjectUniqueName5 = Atlantis.Framework.DomainCheckGATests\\Atlantis.Framework.DomainCheckGA.Tests.csproj
		SccProjectName5 = Atlantis.Framework.DomainCheckGATests
		SccLocalPath5 = Atlantis.Framework.DomainCheckGATests
	EndGlobalSection
	GlobalSection(SolutionConfigurationPlatforms) = preSolution
		Debug|Any CPU = Debug|Any CPU
		Release|Any CPU = Release|Any CPU
	EndGlobalSection
	GlobalSection(ProjectConfigurationPlatforms) = postSolution
		{092618E1-1F37-422C-82AF-17A1337B8986}.Debug|Any CPU.ActiveCfg = Debug|Any CPU
		{092618E1-1F37-422C-82AF-17A1337B8986}.Debug|Any CPU.Build.0 = Debug|Any CPU
		{092618E1-1F37-422C-82AF-17A1337B8986}.Release|Any CPU.ActiveCfg = Release|Any CPU
		{092618E1-1F37-422C-82AF-17A1337B8986}.Release|Any CPU.Build.0 = Release|Any CPU
		{2474F971-3E1D-4608-9D60-B0A9A1CA8D13}.Debug|Any CPU.ActiveCfg = Debug|Any CPU
		{2474F971-3E1D-4608-9D60-B0A9A1CA8D13}.Debug|Any CPU.Build.0 = Debug|Any CPU
		{2474F971-3E1D-4608-9D60-B0A9A1CA8D13}.Release|Any CPU.ActiveCfg = Release|Any CPU
		{2474F971-3E1D-4608-9D60-B0A9A1CA8D13}.Release|Any CPU.Build.0 = Release|Any CPU
		{FE91E466-A702-41DA-A3A4-BCDB5320BEA8}.Debug|Any CPU.ActiveCfg = Debug|Any CPU
		{FE91E466-A702-41DA-A3A4-BCDB5320BEA8}.Debug|Any CPU.Build.0 = Debug|Any CPU
		{FE91E466-A702-41DA-A3A4-BCDB5320BEA8}.Release|Any CPU.ActiveCfg = Release|Any CPU
		{FE91E466-A702-41DA-A3A4-BCDB5320BEA8}.Release|Any CPU.Build.0 = Release|Any CPU
		{242DC9AD-D056-476F-9117-8BEF7C93E697}.Debug|Any CPU.ActiveCfg = Debug|Any CPU
		{242DC9AD-D056-476F-9117-8BEF7C93E697}.Debug|Any CPU.Build.0 = Debug|Any CPU
		{242DC9AD-D056-476F-9117-8BEF7C93E697}.Release|Any CPU.ActiveCfg = Release|Any CPU
		{242DC9AD-D056-476F-9117-8BEF7C93E697}.Release|Any CPU.Build.0 = Release|Any CPU
		{BBA67B50-0375-4D7D-A459-101463CC4E16}.Debug|Any CPU.ActiveCfg = Debug|Any CPU
		{BBA67B50-0375-4D7D-A459-101463CC4E16}.Debug|Any CPU.Build.0 = Debug|Any CPU
		{BBA67B50-0375-4D7D-A459-101463CC4E16}.Release|Any CPU.ActiveCfg = Release|Any CPU
		{BBA67B50-0375-4D7D-A459-101463CC4E16}.Release|Any CPU.Build.0 = Release|Any CPU
	EndGlobalSection
	GlobalSection(SolutionProperties) = preSolution
		HideSolutionNode = FALSE
	EndGlobalSection
	GlobalSection(NestedProjects) = preSolution
		{092618E1-1F37-422C-82AF-17A1337B8986} = {F861027A-C104-4CE1-A59D-05135F9CD6C4}
		{2474F971-3E1D-4608-9D60-B0A9A1CA8D13} = {F861027A-C104-4CE1-A59D-05135F9CD6C4}
	EndGlobalSection
EndGlobal
