
Microsoft Visual Studio Solution File, Format Version 11.00
# Visual Studio 2010
Project("{FAE04EC0-301F-11D3-BF4B-00C04F79EFBC}") = "Atlantis.Framework.XCPaymentProfileCheck.Impl", "Atlantis.Framework.XCPaymentProfileCheck.Impl\Atlantis.Framework.XCPaymentProfileCheck.Impl.csproj", "{A68366B0-FA9A-4501-ABD7-BC53C56A8463}"
EndProject
Project("{FAE04EC0-301F-11D3-BF4B-00C04F79EFBC}") = "Atlantis.Framework.XCPaymentProfileCheck.Interface", "Atlantis.Framework.XCPaymentProfileCheck.Interface\Atlantis.Framework.XCPaymentProfileCheck.Interface.csproj", "{53F29CB4-F75E-4761-AEBF-4DBDCFE03990}"
EndProject
Project("{FAE04EC0-301F-11D3-BF4B-00C04F79EFBC}") = "Atlantis.Framework.XCPaymentProfileCheck.Tests", "Atlantis.Framework.XCPaymentProfileCheck.Tests\Atlantis.Framework.XCPaymentProfileCheck.Tests.csproj", "{0C884370-5ADB-49C3-B0D7-6BC93B8C932C}"
EndProject
Project("{FAE04EC0-301F-11D3-BF4B-00C04F79EFBC}") = "Atlantis.Framework.Engine", "..\Atlantis.Framework.Engine\Atlantis.Framework.Engine\Atlantis.Framework.Engine.csproj", "{092618E1-1F37-422C-82AF-17A1337B8986}"
EndProject
Project("{FAE04EC0-301F-11D3-BF4B-00C04F79EFBC}") = "Atlantis.Framework.Interface", "..\Atlantis.Framework.Engine\Atlantis.Framework.Interface\Atlantis.Framework.Interface.csproj", "{2474F971-3E1D-4608-9D60-B0A9A1CA8D13}"
EndProject
Project("{2150E333-8FDC-42A3-9474-1A3956D46DE8}") = "Core", "Core", "{CC84B939-4E04-4E81-949E-4BF0F1754830}"
EndProject
Global
	GlobalSection(TeamFoundationVersionControl) = preSolution
		SccNumberOfProjects = 6
		SccEnterpriseProvider = {4CA58AB2-18FA-4F8D-95D4-32DDF27D184C}
		SccTeamFoundationServer = http://tfs:8080/
		SccLocalPath0 = .
		SccProjectUniqueName1 = ..\\Atlantis.Framework.Engine\\Atlantis.Framework.Engine\\Atlantis.Framework.Engine.csproj
		SccProjectTopLevelParentUniqueName1 = Atlantis.Framework.XCPaymentProfileCheck.sln
		SccProjectName1 = ../Atlantis.Framework.Engine/Atlantis.Framework.Engine
		SccLocalPath1 = ..\\Atlantis.Framework.Engine\\Atlantis.Framework.Engine
		SccProjectUniqueName2 = ..\\Atlantis.Framework.Engine\\Atlantis.Framework.Interface\\Atlantis.Framework.Interface.csproj
		SccProjectTopLevelParentUniqueName2 = Atlantis.Framework.XCPaymentProfileCheck.sln
		SccProjectName2 = ../Atlantis.Framework.Engine/Atlantis.Framework.Interface
		SccLocalPath2 = ..\\Atlantis.Framework.Engine\\Atlantis.Framework.Interface
		SccProjectUniqueName3 = Atlantis.Framework.XCPaymentProfileCheck.Impl\\Atlantis.Framework.XCPaymentProfileCheck.Impl.csproj
		SccProjectName3 = Atlantis.Framework.XCPaymentProfileCheck.Impl
		SccLocalPath3 = Atlantis.Framework.XCPaymentProfileCheck.Impl
		SccProjectUniqueName4 = Atlantis.Framework.XCPaymentProfileCheck.Interface\\Atlantis.Framework.XCPaymentProfileCheck.Interface.csproj
		SccProjectName4 = Atlantis.Framework.XCPaymentProfileCheck.Interface
		SccLocalPath4 = Atlantis.Framework.XCPaymentProfileCheck.Interface
		SccProjectUniqueName5 = Atlantis.Framework.XCPaymentProfileCheck.Tests\\Atlantis.Framework.XCPaymentProfileCheck.Tests.csproj
		SccProjectName5 = Atlantis.Framework.XCPaymentProfileCheck.Tests
		SccLocalPath5 = Atlantis.Framework.XCPaymentProfileCheck.Tests
	EndGlobalSection
	GlobalSection(SolutionConfigurationPlatforms) = preSolution
		Debug|Any CPU = Debug|Any CPU
		Release|Any CPU = Release|Any CPU
	EndGlobalSection
	GlobalSection(ProjectConfigurationPlatforms) = postSolution
		{A68366B0-FA9A-4501-ABD7-BC53C56A8463}.Debug|Any CPU.ActiveCfg = Debug|Any CPU
		{A68366B0-FA9A-4501-ABD7-BC53C56A8463}.Debug|Any CPU.Build.0 = Debug|Any CPU
		{A68366B0-FA9A-4501-ABD7-BC53C56A8463}.Release|Any CPU.ActiveCfg = Release|Any CPU
		{A68366B0-FA9A-4501-ABD7-BC53C56A8463}.Release|Any CPU.Build.0 = Release|Any CPU
		{53F29CB4-F75E-4761-AEBF-4DBDCFE03990}.Debug|Any CPU.ActiveCfg = Debug|Any CPU
		{53F29CB4-F75E-4761-AEBF-4DBDCFE03990}.Debug|Any CPU.Build.0 = Debug|Any CPU
		{53F29CB4-F75E-4761-AEBF-4DBDCFE03990}.Release|Any CPU.ActiveCfg = Release|Any CPU
		{53F29CB4-F75E-4761-AEBF-4DBDCFE03990}.Release|Any CPU.Build.0 = Release|Any CPU
		{0C884370-5ADB-49C3-B0D7-6BC93B8C932C}.Debug|Any CPU.ActiveCfg = Debug|Any CPU
		{0C884370-5ADB-49C3-B0D7-6BC93B8C932C}.Debug|Any CPU.Build.0 = Debug|Any CPU
		{0C884370-5ADB-49C3-B0D7-6BC93B8C932C}.Release|Any CPU.ActiveCfg = Release|Any CPU
		{0C884370-5ADB-49C3-B0D7-6BC93B8C932C}.Release|Any CPU.Build.0 = Release|Any CPU
		{092618E1-1F37-422C-82AF-17A1337B8986}.Debug|Any CPU.ActiveCfg = Debug|Any CPU
		{092618E1-1F37-422C-82AF-17A1337B8986}.Debug|Any CPU.Build.0 = Debug|Any CPU
		{092618E1-1F37-422C-82AF-17A1337B8986}.Release|Any CPU.ActiveCfg = Release|Any CPU
		{092618E1-1F37-422C-82AF-17A1337B8986}.Release|Any CPU.Build.0 = Release|Any CPU
		{2474F971-3E1D-4608-9D60-B0A9A1CA8D13}.Debug|Any CPU.ActiveCfg = Debug|Any CPU
		{2474F971-3E1D-4608-9D60-B0A9A1CA8D13}.Debug|Any CPU.Build.0 = Debug|Any CPU
		{2474F971-3E1D-4608-9D60-B0A9A1CA8D13}.Release|Any CPU.ActiveCfg = Release|Any CPU
		{2474F971-3E1D-4608-9D60-B0A9A1CA8D13}.Release|Any CPU.Build.0 = Release|Any CPU
	EndGlobalSection
	GlobalSection(SolutionProperties) = preSolution
		HideSolutionNode = FALSE
	EndGlobalSection
	GlobalSection(NestedProjects) = preSolution
		{2474F971-3E1D-4608-9D60-B0A9A1CA8D13} = {CC84B939-4E04-4E81-949E-4BF0F1754830}
		{092618E1-1F37-422C-82AF-17A1337B8986} = {CC84B939-4E04-4E81-949E-4BF0F1754830}
	EndGlobalSection
EndGlobal
