
Microsoft Visual Studio Solution File, Format Version 12.00
# Visual Studio 2012
Project("{FAE04EC0-301F-11D3-BF4B-00C04F79EFBC}") = "Atlantis.Framework.Support.Interface", "Atlantis.Framework.Support.Interface\Atlantis.Framework.Support.Interface.csproj", "{36BF7B2D-17A8-4BCA-8A61-5DCE8C75DE4E}"
EndProject
Project("{FAE04EC0-301F-11D3-BF4B-00C04F79EFBC}") = "Atlantis.Framework.Support.Tests", "Atlantis.Framework.Support.Tests\Atlantis.Framework.Support.Tests.csproj", "{03BAAA54-40B3-44AB-B44C-B4867F3CADCA}"
EndProject
Project("{FAE04EC0-301F-11D3-BF4B-00C04F79EFBC}") = "Atlantis.Framework.Support.Impl", "Atlantis.Framework.Support.Impl\Atlantis.Framework.Support.Impl.csproj", "{6D13687C-7C59-4AB0-A083-08EAEA25211E}"
EndProject
Global
	GlobalSection(TeamFoundationVersionControl) = preSolution
		SccNumberOfProjects = 4
		SccEnterpriseProvider = {4CA58AB2-18FA-4F8D-95D4-32DDF27D184C}
		SccTeamFoundationServer = http://tfs2010:8080/tfs/gd
		SccLocalPath0 = .
		SccProjectUniqueName1 = Atlantis.Framework.Support.Interface\\Atlantis.Framework.Support.Interface.csproj
		SccProjectName1 = Atlantis.Framework.Support.Interface
		SccLocalPath1 = Atlantis.Framework.Support.Interface
		SccProjectUniqueName2 = Atlantis.Framework.Support.Tests\\Atlantis.Framework.Support.Tests.csproj
		SccProjectName2 = Atlantis.Framework.Support.Tests
		SccLocalPath2 = Atlantis.Framework.Support.Tests
		SccProjectUniqueName3 = Atlantis.Framework.Support.Impl\\Atlantis.Framework.Support.Impl.csproj
		SccProjectName3 = Atlantis.Framework.Support.Impl
		SccLocalPath3 = Atlantis.Framework.Support.Impl
	EndGlobalSection
	GlobalSection(SolutionConfigurationPlatforms) = preSolution
		Debug|Any CPU = Debug|Any CPU
		Release|Any CPU = Release|Any CPU
	EndGlobalSection
	GlobalSection(ProjectConfigurationPlatforms) = postSolution
		{36BF7B2D-17A8-4BCA-8A61-5DCE8C75DE4E}.Debug|Any CPU.ActiveCfg = Debug|Any CPU
		{36BF7B2D-17A8-4BCA-8A61-5DCE8C75DE4E}.Debug|Any CPU.Build.0 = Debug|Any CPU
		{36BF7B2D-17A8-4BCA-8A61-5DCE8C75DE4E}.Release|Any CPU.ActiveCfg = Release|Any CPU
		{36BF7B2D-17A8-4BCA-8A61-5DCE8C75DE4E}.Release|Any CPU.Build.0 = Release|Any CPU
		{03BAAA54-40B3-44AB-B44C-B4867F3CADCA}.Debug|Any CPU.ActiveCfg = Debug|Any CPU
		{03BAAA54-40B3-44AB-B44C-B4867F3CADCA}.Debug|Any CPU.Build.0 = Debug|Any CPU
		{03BAAA54-40B3-44AB-B44C-B4867F3CADCA}.Release|Any CPU.ActiveCfg = Release|Any CPU
		{03BAAA54-40B3-44AB-B44C-B4867F3CADCA}.Release|Any CPU.Build.0 = Release|Any CPU
		{6D13687C-7C59-4AB0-A083-08EAEA25211E}.Debug|Any CPU.ActiveCfg = Debug|Any CPU
		{6D13687C-7C59-4AB0-A083-08EAEA25211E}.Debug|Any CPU.Build.0 = Debug|Any CPU
		{6D13687C-7C59-4AB0-A083-08EAEA25211E}.Release|Any CPU.ActiveCfg = Release|Any CPU
		{6D13687C-7C59-4AB0-A083-08EAEA25211E}.Release|Any CPU.Build.0 = Release|Any CPU
	EndGlobalSection
	GlobalSection(SolutionProperties) = preSolution
		HideSolutionNode = FALSE
	EndGlobalSection
EndGlobal
